// !$*UTF8*$!
{
	archiveVersion = 1;
	classes = {
	};
	objectVersion = 46;
	objects = {

/* Begin PBXBuildFile section */
		F51934281B9E1A4000C5708B /* AppDelegate.swift in Sources */ = {isa = PBXBuildFile; fileRef = F51934271B9E1A4000C5708B /* AppDelegate.swift */; };
		F519342D1B9E1A4000C5708B /* Main.storyboard in Resources */ = {isa = PBXBuildFile; fileRef = F519342B1B9E1A4000C5708B /* Main.storyboard */; };
		F519342F1B9E1A4000C5708B /* Assets.xcassets in Resources */ = {isa = PBXBuildFile; fileRef = F519342E1B9E1A4000C5708B /* Assets.xcassets */; };
		F51934321B9E1A4000C5708B /* LaunchScreen.storyboard in Resources */ = {isa = PBXBuildFile; fileRef = F51934301B9E1A4000C5708B /* LaunchScreen.storyboard */; };
		F519343A1B9E1A7D00C5708B /* SignupProfileViewController.swift in Sources */ = {isa = PBXBuildFile; fileRef = F51934391B9E1A7D00C5708B /* SignupProfileViewController.swift */; settings = {ASSET_TAGS = (); }; };
		F51934471B9E1A9800C5708B /* AnimationController.swift in Sources */ = {isa = PBXBuildFile; fileRef = F519343C1B9E1A9800C5708B /* AnimationController.swift */; settings = {ASSET_TAGS = (); }; };
		F51934481B9E1A9800C5708B /* ImageAction.swift in Sources */ = {isa = PBXBuildFile; fileRef = F519343D1B9E1A9800C5708B /* ImageAction.swift */; settings = {ASSET_TAGS = (); }; };
		F51934491B9E1A9800C5708B /* ImageCollectionViewCell.swift in Sources */ = {isa = PBXBuildFile; fileRef = F519343E1B9E1A9800C5708B /* ImageCollectionViewCell.swift */; settings = {ASSET_TAGS = (); }; };
		F519344A1B9E1A9800C5708B /* ImagePickerCollectionView.swift in Sources */ = {isa = PBXBuildFile; fileRef = F519343F1B9E1A9800C5708B /* ImagePickerCollectionView.swift */; settings = {ASSET_TAGS = (); }; };
		F519344B1B9E1A9800C5708B /* ImagePickerSheetController.swift in Sources */ = {isa = PBXBuildFile; fileRef = F51934411B9E1A9800C5708B /* ImagePickerSheetController.swift */; settings = {ASSET_TAGS = (); }; };
		F519344C1B9E1A9800C5708B /* ImagePreviewFlowLayout.swift in Sources */ = {isa = PBXBuildFile; fileRef = F51934421B9E1A9800C5708B /* ImagePreviewFlowLayout.swift */; settings = {ASSET_TAGS = (); }; };
		F519344D1B9E1A9800C5708B /* ImagePreviewTableViewCell.swift in Sources */ = {isa = PBXBuildFile; fileRef = F51934431B9E1A9800C5708B /* ImagePreviewTableViewCell.swift */; settings = {ASSET_TAGS = (); }; };
		F519344E1B9E1A9800C5708B /* Images.xcassets in Resources */ = {isa = PBXBuildFile; fileRef = F51934441B9E1A9800C5708B /* Images.xcassets */; settings = {ASSET_TAGS = (); }; };
		F519344F1B9E1A9800C5708B /* Info.plist in Resources */ = {isa = PBXBuildFile; fileRef = F51934451B9E1A9800C5708B /* Info.plist */; settings = {ASSET_TAGS = (); }; };
		F51934501B9E1A9800C5708B /* PreviewSupplementaryView.swift in Sources */ = {isa = PBXBuildFile; fileRef = F51934461B9E1A9800C5708B /* PreviewSupplementaryView.swift */; settings = {ASSET_TAGS = (); }; };
/* End PBXBuildFile section */

/* Begin PBXFileReference section */
		F51934241B9E1A4000C5708B /* ImagePickerSheetController.app */ = {isa = PBXFileReference; explicitFileType = wrapper.application; includeInIndex = 0; path = ImagePickerSheetController.app; sourceTree = BUILT_PRODUCTS_DIR; };
		F51934271B9E1A4000C5708B /* AppDelegate.swift */ = {isa = PBXFileReference; lastKnownFileType = sourcecode.swift; path = AppDelegate.swift; sourceTree = "<group>"; };
		F519342C1B9E1A4000C5708B /* Base */ = {isa = PBXFileReference; lastKnownFileType = file.storyboard; name = Base; path = Base.lproj/Main.storyboard; sourceTree = "<group>"; };
		F519342E1B9E1A4000C5708B /* Assets.xcassets */ = {isa = PBXFileReference; lastKnownFileType = folder.assetcatalog; path = Assets.xcassets; sourceTree = "<group>"; };
		F51934311B9E1A4000C5708B /* Base */ = {isa = PBXFileReference; lastKnownFileType = file.storyboard; name = Base; path = Base.lproj/LaunchScreen.storyboard; sourceTree = "<group>"; };
		F51934331B9E1A4000C5708B /* Info.plist */ = {isa = PBXFileReference; lastKnownFileType = text.plist.xml; path = Info.plist; sourceTree = "<group>"; };
		F51934391B9E1A7D00C5708B /* SignupProfileViewController.swift */ = {isa = PBXFileReference; fileEncoding = 4; lastKnownFileType = sourcecode.swift; path = SignupProfileViewController.swift; sourceTree = "<group>"; };
		F519343C1B9E1A9800C5708B /* AnimationController.swift */ = {isa = PBXFileReference; fileEncoding = 4; lastKnownFileType = sourcecode.swift; path = AnimationController.swift; sourceTree = "<group>"; };
		F519343D1B9E1A9800C5708B /* ImageAction.swift */ = {isa = PBXFileReference; fileEncoding = 4; lastKnownFileType = sourcecode.swift; path = ImageAction.swift; sourceTree = "<group>"; };
		F519343E1B9E1A9800C5708B /* ImageCollectionViewCell.swift */ = {isa = PBXFileReference; fileEncoding = 4; lastKnownFileType = sourcecode.swift; path = ImageCollectionViewCell.swift; sourceTree = "<group>"; };
		F519343F1B9E1A9800C5708B /* ImagePickerCollectionView.swift */ = {isa = PBXFileReference; fileEncoding = 4; lastKnownFileType = sourcecode.swift; path = ImagePickerCollectionView.swift; sourceTree = "<group>"; };
		F51934401B9E1A9800C5708B /* ImagePickerSheetController.h */ = {isa = PBXFileReference; fileEncoding = 4; lastKnownFileType = sourcecode.c.h; path = ImagePickerSheetController.h; sourceTree = "<group>"; };
		F51934411B9E1A9800C5708B /* ImagePickerSheetController.swift */ = {isa = PBXFileReference; fileEncoding = 4; lastKnownFileType = sourcecode.swift; path = ImagePickerSheetController.swift; sourceTree = "<group>"; };
		F51934421B9E1A9800C5708B /* ImagePreviewFlowLayout.swift */ = {isa = PBXFileReference; fileEncoding = 4; lastKnownFileType = sourcecode.swift; path = ImagePreviewFlowLayout.swift; sourceTree = "<group>"; };
		F51934431B9E1A9800C5708B /* ImagePreviewTableViewCell.swift */ = {isa = PBXFileReference; fileEncoding = 4; lastKnownFileType = sourcecode.swift; path = ImagePreviewTableViewCell.swift; sourceTree = "<group>"; };
		F51934441B9E1A9800C5708B /* Images.xcassets */ = {isa = PBXFileReference; lastKnownFileType = folder.assetcatalog; path = Images.xcassets; sourceTree = "<group>"; };
		F51934451B9E1A9800C5708B /* Info.plist */ = {isa = PBXFileReference; fileEncoding = 4; lastKnownFileType = text.plist.xml; path = Info.plist; sourceTree = "<group>"; };
		F51934461B9E1A9800C5708B /* PreviewSupplementaryView.swift */ = {isa = PBXFileReference; fileEncoding = 4; lastKnownFileType = sourcecode.swift; path = PreviewSupplementaryView.swift; sourceTree = "<group>"; };
/* End PBXFileReference section */

/* Begin PBXFrameworksBuildPhase section */
		F51934211B9E1A4000C5708B /* Frameworks */ = {
			isa = PBXFrameworksBuildPhase;
			buildActionMask = 2147483647;
			files = (
			);
			runOnlyForDeploymentPostprocessing = 0;
		};
/* End PBXFrameworksBuildPhase section */

/* Begin PBXGroup section */
		F519341B1B9E1A4000C5708B = {
			isa = PBXGroup;
			children = (
				F51934261B9E1A4000C5708B /* ImagePickerSheetController */,
				F51934251B9E1A4000C5708B /* Products */,
			);
			sourceTree = "<group>";
		};
		F51934251B9E1A4000C5708B /* Products */ = {
			isa = PBXGroup;
			children = (
				F51934241B9E1A4000C5708B /* ImagePickerSheetController.app */,
			);
			name = Products;
			sourceTree = "<group>";
		};
		F51934261B9E1A4000C5708B /* ImagePickerSheetController */ = {
			isa = PBXGroup;
			children = (
				F51934271B9E1A4000C5708B /* AppDelegate.swift */,
				F51934391B9E1A7D00C5708B /* SignupProfileViewController.swift */,
				F519342B1B9E1A4000C5708B /* Main.storyboard */,
				F519343B1B9E1A9800C5708B /* ImagePickerSheet */,
				F519342E1B9E1A4000C5708B /* Assets.xcassets */,
				F51934301B9E1A4000C5708B /* LaunchScreen.storyboard */,
				F51934331B9E1A4000C5708B /* Info.plist */,
			);
			path = ImagePickerSheetController;
			sourceTree = "<group>";
		};
		F519343B1B9E1A9800C5708B /* ImagePickerSheet */ = {
			isa = PBXGroup;
			children = (
				F519343C1B9E1A9800C5708B /* AnimationController.swift */,
				F519343D1B9E1A9800C5708B /* ImageAction.swift */,
				F519343E1B9E1A9800C5708B /* ImageCollectionViewCell.swift */,
				F519343F1B9E1A9800C5708B /* ImagePickerCollectionView.swift */,
				F51934401B9E1A9800C5708B /* ImagePickerSheetController.h */,
				F51934411B9E1A9800C5708B /* ImagePickerSheetController.swift */,
				F51934421B9E1A9800C5708B /* ImagePreviewFlowLayout.swift */,
				F51934431B9E1A9800C5708B /* ImagePreviewTableViewCell.swift */,
				F51934441B9E1A9800C5708B /* Images.xcassets */,
				F51934451B9E1A9800C5708B /* Info.plist */,
				F51934461B9E1A9800C5708B /* PreviewSupplementaryView.swift */,
			);
			path = ImagePickerSheet;
			sourceTree = "<group>";
		};
/* End PBXGroup section */

/* Begin PBXNativeTarget section */
		F51934231B9E1A4000C5708B /* ImagePickerSheetController */ = {
			isa = PBXNativeTarget;
			buildConfigurationList = F51934361B9E1A4000C5708B /* Build configuration list for PBXNativeTarget "ImagePickerSheetController" */;
			buildPhases = (
				F51934201B9E1A4000C5708B /* Sources */,
				F51934211B9E1A4000C5708B /* Frameworks */,
				F51934221B9E1A4000C5708B /* Resources */,
			);
			buildRules = (
			);
			dependencies = (
			);
			name = ImagePickerSheetController;
			productName = ImagePickerSheetController;
			productReference = F51934241B9E1A4000C5708B /* ImagePickerSheetController.app */;
			productType = "com.apple.product-type.application";
		};
/* End PBXNativeTarget section */

/* Begin PBXProject section */
		F519341C1B9E1A4000C5708B /* Project object */ = {
			isa = PBXProject;
			attributes = {
				LastUpgradeCheck = 0700;
				ORGANIZATIONNAME = "Developers Academy";
				TargetAttributes = {
					F51934231B9E1A4000C5708B = {
						CreatedOnToolsVersion = 7.0;
					};
				};
			};
			buildConfigurationList = F519341F1B9E1A4000C5708B /* Build configuration list for PBXProject "ImagePickerSheetController" */;
			compatibilityVersion = "Xcode 3.2";
			developmentRegion = English;
			hasScannedForEncodings = 0;
			knownRegions = (
				en,
				Base,
			);
			mainGroup = F519341B1B9E1A4000C5708B;
			productRefGroup = F51934251B9E1A4000C5708B /* Products */;
			projectDirPath = "";
			projectRoot = "";
			targets = (
				F51934231B9E1A4000C5708B /* ImagePickerSheetController */,
			);
		};
/* End PBXProject section */

/* Begin PBXResourcesBuildPhase section */
		F51934221B9E1A4000C5708B /* Resources */ = {
			isa = PBXResourcesBuildPhase;
			buildActionMask = 2147483647;
			files = (
				F51934321B9E1A4000C5708B /* LaunchScreen.storyboard in Resources */,
				F519344E1B9E1A9800C5708B /* Images.xcassets in Resources */,
				F519342F1B9E1A4000C5708B /* Assets.xcassets in Resources */,
				F519344F1B9E1A9800C5708B /* Info.plist in Resources */,
				F519342D1B9E1A4000C5708B /* Main.storyboard in Resources */,
			);
			runOnlyForDeploymentPostprocessing = 0;
		};
/* End PBXResourcesBuildPhase section */

/* Begin PBXSourcesBuildPhase section */
		F51934201B9E1A4000C5708B /* Sources */ = {
			isa = PBXSourcesBuildPhase;
			buildActionMask = 2147483647;
			files = (
				F51934471B9E1A9800C5708B /* AnimationController.swift in Sources */,
				F51934501B9E1A9800C5708B /* PreviewSupplementaryView.swift in Sources */,
				F51934491B9E1A9800C5708B /* ImageCollectionViewCell.swift in Sources */,
				F519344C1B9E1A9800C5708B /* ImagePreviewFlowLayout.swift in Sources */,
				F519344D1B9E1A9800C5708B /* ImagePreviewTableViewCell.swift in Sources */,
				F519344A1B9E1A9800C5708B /* ImagePickerCollectionView.swift in Sources */,
				F51934481B9E1A9800C5708B /* ImageAction.swift in Sources */,
				F519344B1B9E1A9800C5708B /* ImagePickerSheetController.swift in Sources */,
				F51934281B9E1A4000C5708B /* AppDelegate.swift in Sources */,
				F519343A1B9E1A7D00C5708B /* SignupProfileViewController.swift in Sources */,
			);
			runOnlyForDeploymentPostprocessing = 0;
		};
/* End PBXSourcesBuildPhase section */

/* Begin PBXVariantGroup section */
		F519342B1B9E1A4000C5708B /* Main.storyboard */ = {
			isa = PBXVariantGroup;
			children = (
				F519342C1B9E1A4000C5708B /* Base */,
			);
			name = Main.storyboard;
			sourceTree = "<group>";
		};
		F51934301B9E1A4000C5708B /* LaunchScreen.storyboard */ = {
			isa = PBXVariantGroup;
			children = (
				F51934311B9E1A4000C5708B /* Base */,
			);
			name = LaunchScreen.storyboard;
			sourceTree = "<group>";
		};
/* End PBXVariantGroup section */

/* Begin XCBuildConfiguration section */
		F51934341B9E1A4000C5708B /* Debug */ = {
			isa = XCBuildConfiguration;
			buildSettings = {
				ALWAYS_SEARCH_USER_PATHS = NO;
				CLANG_CXX_LANGUAGE_STANDARD = "gnu++0x";
				CLANG_CXX_LIBRARY = "libc++";
				CLANG_ENABLE_MODULES = YES;
				CLANG_ENABLE_OBJC_ARC = YES;
				CLANG_WARN_BOOL_CONVERSION = YES;
				CLANG_WARN_CONSTANT_CONVERSION = YES;
				CLANG_WARN_DIRECT_OBJC_ISA_USAGE = YES_ERROR;
				CLANG_WARN_EMPTY_BODY = YES;
				CLANG_WARN_ENUM_CONVERSION = YES;
				CLANG_WARN_INT_CONVERSION = YES;
				CLANG_WARN_OBJC_ROOT_CLASS = YES_ERROR;
				CLANG_WARN_UNREACHABLE_CODE = YES;
				CLANG_WARN__DUPLICATE_METHOD_MATCH = YES;
				"CODE_SIGN_IDENTITY[sdk=iphoneos*]" = "iPhone Developer";
				COPY_PHASE_STRIP = NO;
				DEBUG_INFORMATION_FORMAT = dwarf;
				ENABLE_STRICT_OBJC_MSGSEND = YES;
				ENABLE_TESTABILITY = YES;
				GCC_C_LANGUAGE_STANDARD = gnu99;
				GCC_DYNAMIC_NO_PIC = NO;
				GCC_NO_COMMON_BLOCKS = YES;
				GCC_OPTIMIZATION_LEVEL = 0;
				GCC_PREPROCESSOR_DEFINITIONS = (
					"DEBUG=1",
					"$(inherited)",
				);
				GCC_WARN_64_TO_32_BIT_CONVERSION = YES;
				GCC_WARN_ABOUT_RETURN_TYPE = YES_ERROR;
				GCC_WARN_UNDECLARED_SELECTOR = YES;
				GCC_WARN_UNINITIALIZED_AUTOS = YES_AGGRESSIVE;
				GCC_WARN_UNUSED_FUNCTION = YES;
				GCC_WARN_UNUSED_VARIABLE = YES;
				IPHONEOS_DEPLOYMENT_TARGET = 9.0;
				MTL_ENABLE_DEBUG_INFO = YES;
				ONLY_ACTIVE_ARCH = YES;
				SDKROOT = iphoneos;
				SWIFT_OPTIMIZATION_LEVEL = "-Onone";
				TARGETED_DEVICE_FAMILY = "1,2";
			};
			name = Debug;
		};
		F51934351B9E1A4000C5708B /* Release */ = {
			isa = XCBuildConfiguration;
			buildSettings = {
				ALWAYS_SEARCH_USER_PATHS = NO;
				CLANG_CXX_LANGUAGE_STANDARD = "gnu++0x";
				CLANG_CXX_LIBRARY = "libc++";
				CLANG_ENABLE_MODULES = YES;
				CLANG_ENABLE_OBJC_ARC = YES;
				CLANG_WARN_BOOL_CONVERSION = YES;
				CLANG_WARN_CONSTANT_CONVERSION = YES;
				CLANG_WARN_DIRECT_OBJC_ISA_USAGE = YES_ERROR;
				CLANG_WARN_EMPTY_BODY = YES;
				CLANG_WARN_ENUM_CONVERSION = YES;
				CLANG_WARN_INT_CONVERSION = YES;
				CLANG_WARN_OBJC_ROOT_CLASS = YES_ERROR;
				CLANG_WARN_UNREACHABLE_CODE = YES;
				CLANG_WARN__DUPLICATE_METHOD_MATCH = YES;
				"CODE_SIGN_IDENTITY[sdk=iphoneos*]" = "iPhone Developer";
				COPY_PHASE_STRIP = NO;
				DEBUG_INFORMATION_FORMAT = "dwarf-with-dsym";
				ENABLE_NS_ASSERTIONS = NO;
				ENABLE_STRICT_OBJC_MSGSEND = YES;
				GCC_C_LANGUAGE_STANDARD = gnu99;
				GCC_NO_COMMON_BLOCKS = YES;
				GCC_WARN_64_TO_32_BIT_CONVERSION = YES;
				GCC_WARN_ABOUT_RETURN_TYPE = YES_ERROR;
				GCC_WARN_UNDECLARED_SELECTOR = YES;
				GCC_WARN_UNINITIALIZED_AUTOS = YES_AGGRESSIVE;
				GCC_WARN_UNUSED_FUNCTION = YES;
				GCC_WARN_UNUSED_VARIABLE = YES;
				IPHONEOS_DEPLOYMENT_TARGET = 9.0;
				MTL_ENABLE_DEBUG_INFO = NO;
				SDKROOT = iphoneos;
				TARGETED_DEVICE_FAMILY = "1,2";
				VALIDATE_PRODUCT = YES;
			};
			name = Release;
		};
		F51934371B9E1A4000C5708B /* Debug */ = {
			isa = XCBuildConfiguration;
			buildSettings = {
				ASSETCATALOG_COMPILER_APPICON_NAME = AppIcon;
				INFOPLIST_FILE = ImagePickerSheetController/Info.plist;
				LD_RUNPATH_SEARCH_PATHS = "$(inherited) @executable_path/Frameworks";
				PRODUCT_BUNDLE_IDENTIFIER = io.developersacademy.ImagePickerSheetController;
				PRODUCT_NAME = "$(TARGET_NAME)";
			};
			name = Debug;
		};
		F51934381B9E1A4000C5708B /* Release */ = {
			isa = XCBuildConfiguration;
			buildSettings = {
				ASSETCATALOG_COMPILER_APPICON_NAME = AppIcon;
				INFOPLIST_FILE = ImagePickerSheetController/Info.plist;
				LD_RUNPATH_SEARCH_PATHS = "$(inherited) @executable_path/Frameworks";
				PRODUCT_BUNDLE_IDENTIFIER = io.developersacademy.ImagePickerSheetController;
				PRODUCT_NAME = "$(TARGET_NAME)";
			};
			name = Release;
		};
/* End XCBuildConfiguration section */

/* Begin XCConfigurationList section */
		F519341F1B9E1A4000C5708B /* Build configuration list for PBXProject "ImagePickerSheetController" */ = {
			isa = XCConfigurationList;
			buildConfigurations = (
				F51934341B9E1A4000C5708B /* Debug */,
				F51934351B9E1A4000C5708B /* Release */,
			);
			defaultConfigurationIsVisible = 0;
			defaultConfigurationName = Release;
		};
		F51934361B9E1A4000C5708B /* Build configuration list for PBXNativeTarget "ImagePickerSheetController" */ = {
			isa = XCConfigurationList;
			buildConfigurations = (
				F51934371B9E1A4000C5708B /* Debug */,
				F51934381B9E1A4000C5708B /* Release */,
			);
			defaultConfigurationIsVisible = 0;
		};
/* End XCConfigurationList section */
	};
	rootObject = F519341C1B9E1A4000C5708B /* Project object */;
}
