// !$*UTF8*$!
{
	archiveVersion = 1;
	classes = {
	};
	objectVersion = 46;
	objects = {

/* Begin PBXBuildFile section */
		1463EECE21C803FB00B1683A /* PlayLocalVideoTests.swift in Sources */ = {isa = PBXBuildFile; fileRef = 1463EECD21C803FB00B1683A /* PlayLocalVideoTests.swift */; };
		9F98C0691C416397000B0D2A /* AppDelegate.swift in Sources */ = {isa = PBXBuildFile; fileRef = 9F98C0681C416397000B0D2A /* AppDelegate.swift */; };
		9F98C06B1C416397000B0D2A /* ViewController.swift in Sources */ = {isa = PBXBuildFile; fileRef = 9F98C06A1C416397000B0D2A /* ViewController.swift */; };
		9F98C06E1C416397000B0D2A /* Main.storyboard in Resources */ = {isa = PBXBuildFile; fileRef = 9F98C06C1C416397000B0D2A /* Main.storyboard */; };
		9F98C0731C416397000B0D2A /* Assets.xcassets in Resources */ = {isa = PBXBuildFile; fileRef = 9F98C0721C416397000B0D2A /* Assets.xcassets */; };
		9F98C0761C416397000B0D2A /* LaunchScreen.storyboard in Resources */ = {isa = PBXBuildFile; fileRef = 9F98C0741C416397000B0D2A /* LaunchScreen.storyboard */; };
		9F98C09B1C416615000B0D2A /* VideoCell.swift in Sources */ = {isa = PBXBuildFile; fileRef = 9F98C09A1C416615000B0D2A /* VideoCell.swift */; };
		9FBD36831C71BE9B00291252 /* emoji zone.mp4 in Resources */ = {isa = PBXBuildFile; fileRef = 9FBD36821C71BE7C00291252 /* emoji zone.mp4 */; };
/* End PBXBuildFile section */

/* Begin PBXContainerItemProxy section */
		1463EED021C803FB00B1683A /* PBXContainerItemProxy */ = {
			isa = PBXContainerItemProxy;
			containerPortal = 9F98C05D1C416397000B0D2A /* Project object */;
			proxyType = 1;
			remoteGlobalIDString = 9F98C0641C416397000B0D2A;
			remoteInfo = PlayLocalVideo;
		};
/* End PBXContainerItemProxy section */

/* Begin PBXFileReference section */
		1463EECB21C803FB00B1683A /* PlayLocalVideoTests.xctest */ = {isa = PBXFileReference; explicitFileType = wrapper.cfbundle; includeInIndex = 0; path = PlayLocalVideoTests.xctest; sourceTree = BUILT_PRODUCTS_DIR; };
		1463EECD21C803FB00B1683A /* PlayLocalVideoTests.swift */ = {isa = PBXFileReference; lastKnownFileType = sourcecode.swift; path = PlayLocalVideoTests.swift; sourceTree = "<group>"; };
		1463EECF21C803FB00B1683A /* Info.plist */ = {isa = PBXFileReference; lastKnownFileType = text.plist.xml; path = Info.plist; sourceTree = "<group>"; };
		9F98C0651C416397000B0D2A /* PlayLocalVideo.app */ = {isa = PBXFileReference; explicitFileType = wrapper.application; includeInIndex = 0; path = PlayLocalVideo.app; sourceTree = BUILT_PRODUCTS_DIR; };
		9F98C0681C416397000B0D2A /* AppDelegate.swift */ = {isa = PBXFileReference; lastKnownFileType = sourcecode.swift; path = AppDelegate.swift; sourceTree = "<group>"; };
		9F98C06A1C416397000B0D2A /* ViewController.swift */ = {isa = PBXFileReference; lastKnownFileType = sourcecode.swift; path = ViewController.swift; sourceTree = "<group>"; };
		9F98C06D1C416397000B0D2A /* Base */ = {isa = PBXFileReference; lastKnownFileType = file.storyboard; name = Base; path = Base.lproj/Main.storyboard; sourceTree = "<group>"; };
		9F98C0721C416397000B0D2A /* Assets.xcassets */ = {isa = PBXFileReference; lastKnownFileType = folder.assetcatalog; path = Assets.xcassets; sourceTree = "<group>"; };
		9F98C0751C416397000B0D2A /* Base */ = {isa = PBXFileReference; lastKnownFileType = file.storyboard; name = Base; path = Base.lproj/LaunchScreen.storyboard; sourceTree = "<group>"; };
		9F98C0771C416397000B0D2A /* Info.plist */ = {isa = PBXFileReference; lastKnownFileType = text.plist.xml; path = Info.plist; sourceTree = "<group>"; };
		9F98C09A1C416615000B0D2A /* VideoCell.swift */ = {isa = PBXFileReference; fileEncoding = 4; lastKnownFileType = sourcecode.swift; path = VideoCell.swift; sourceTree = "<group>"; };
		9FBD36821C71BE7C00291252 /* emoji zone.mp4 */ = {isa = PBXFileReference; lastKnownFileType = file; path = "emoji zone.mp4"; sourceTree = "<group>"; };
/* End PBXFileReference section */

/* Begin PBXFrameworksBuildPhase section */
		1463EEC821C803FB00B1683A /* Frameworks */ = {
			isa = PBXFrameworksBuildPhase;
			buildActionMask = 2147483647;
			files = (
			);
			runOnlyForDeploymentPostprocessing = 0;
		};
		9F98C0621C416397000B0D2A /* Frameworks */ = {
			isa = PBXFrameworksBuildPhase;
			buildActionMask = 2147483647;
			files = (
			);
			runOnlyForDeploymentPostprocessing = 0;
		};
/* End PBXFrameworksBuildPhase section */

/* Begin PBXGroup section */
		1463EECC21C803FB00B1683A /* PlayLocalVideoTests */ = {
			isa = PBXGroup;
			children = (
				1463EECD21C803FB00B1683A /* PlayLocalVideoTests.swift */,
				1463EECF21C803FB00B1683A /* Info.plist */,
			);
			path = PlayLocalVideoTests;
			sourceTree = "<group>";
		};
		9F98C05C1C416397000B0D2A = {
			isa = PBXGroup;
			children = (
				9F98C0671C416397000B0D2A /* PlayLocalVideo */,
				1463EECC21C803FB00B1683A /* PlayLocalVideoTests */,
				9F98C0661C416397000B0D2A /* Products */,
			);
			sourceTree = "<group>";
		};
		9F98C0661C416397000B0D2A /* Products */ = {
			isa = PBXGroup;
			children = (
				9F98C0651C416397000B0D2A /* PlayLocalVideo.app */,
				1463EECB21C803FB00B1683A /* PlayLocalVideoTests.xctest */,
			);
			name = Products;
			sourceTree = "<group>";
		};
		9F98C0671C416397000B0D2A /* PlayLocalVideo */ = {
			isa = PBXGroup;
			children = (
				9F98C0681C416397000B0D2A /* AppDelegate.swift */,
				9F98C06A1C416397000B0D2A /* ViewController.swift */,
				9F98C09A1C416615000B0D2A /* VideoCell.swift */,
				9F98C06C1C416397000B0D2A /* Main.storyboard */,
				9F98C0721C416397000B0D2A /* Assets.xcassets */,
				9FEA25711C419D17005C08B8 /* Movie */,
				9F98C0741C416397000B0D2A /* LaunchScreen.storyboard */,
				9F98C0771C416397000B0D2A /* Info.plist */,
			);
			path = PlayLocalVideo;
			sourceTree = "<group>";
		};
		9FEA25711C419D17005C08B8 /* Movie */ = {
			isa = PBXGroup;
			children = (
				9FBD36821C71BE7C00291252 /* emoji zone.mp4 */,
			);
			name = Movie;
			sourceTree = "<group>";
		};
/* End PBXGroup section */

/* Begin PBXNativeTarget section */
		1463EECA21C803FB00B1683A /* PlayLocalVideoTests */ = {
			isa = PBXNativeTarget;
			buildConfigurationList = 1463EED421C803FB00B1683A /* Build configuration list for PBXNativeTarget "PlayLocalVideoTests" */;
			buildPhases = (
				1463EEC721C803FB00B1683A /* Sources */,
				1463EEC821C803FB00B1683A /* Frameworks */,
				1463EEC921C803FB00B1683A /* Resources */,
			);
			buildRules = (
			);
			dependencies = (
				1463EED121C803FB00B1683A /* PBXTargetDependency */,
			);
			name = PlayLocalVideoTests;
			productName = PlayLocalVideoTests;
			productReference = 1463EECB21C803FB00B1683A /* PlayLocalVideoTests.xctest */;
			productType = "com.apple.product-type.bundle.unit-test";
		};
		9F98C0641C416397000B0D2A /* PlayLocalVideo */ = {
			isa = PBXNativeTarget;
			buildConfigurationList = 9F98C0901C416398000B0D2A /* Build configuration list for PBXNativeTarget "PlayLocalVideo" */;
			buildPhases = (
				9F98C0611C416397000B0D2A /* Sources */,
				9F98C0621C416397000B0D2A /* Frameworks */,
				9F98C0631C416397000B0D2A /* Resources */,
			);
			buildRules = (
			);
			dependencies = (
			);
			name = PlayLocalVideo;
			productName = PlayLocalVideo;
			productReference = 9F98C0651C416397000B0D2A /* PlayLocalVideo.app */;
			productType = "com.apple.product-type.application";
		};
/* End PBXNativeTarget section */

/* Begin PBXProject section */
		9F98C05D1C416397000B0D2A /* Project object */ = {
			isa = PBXProject;
			attributes = {
				LastSwiftUpdateCheck = 1010;
				LastUpgradeCheck = 0920;
				ORGANIZATIONNAME = Allen;
				TargetAttributes = {
					1463EECA21C803FB00B1683A = {
						CreatedOnToolsVersion = 10.1;
						DevelopmentTeam = F3YT8BWBYJ;
						ProvisioningStyle = Automatic;
						TestTargetID = 9F98C0641C416397000B0D2A;
					};
					9F98C0641C416397000B0D2A = {
						CreatedOnToolsVersion = 7.2;
						DevelopmentTeam = F3YT8BWBYJ;
						LastSwiftMigration = 0920;
					};
				};
			};
			buildConfigurationList = 9F98C0601C416397000B0D2A /* Build configuration list for PBXProject "PlayLocalVideo" */;
			compatibilityVersion = "Xcode 3.2";
			developmentRegion = English;
			hasScannedForEncodings = 0;
			knownRegions = (
				en,
				Base,
			);
			mainGroup = 9F98C05C1C416397000B0D2A;
			productRefGroup = 9F98C0661C416397000B0D2A /* Products */;
			projectDirPath = "";
			projectRoot = "";
			targets = (
				9F98C0641C416397000B0D2A /* PlayLocalVideo */,
				1463EECA21C803FB00B1683A /* PlayLocalVideoTests */,
			);
		};
/* End PBXProject section */

/* Begin PBXResourcesBuildPhase section */
		1463EEC921C803FB00B1683A /* Resources */ = {
			isa = PBXResourcesBuildPhase;
			buildActionMask = 2147483647;
			files = (
			);
			runOnlyForDeploymentPostprocessing = 0;
		};
		9F98C0631C416397000B0D2A /* Resources */ = {
			isa = PBXResourcesBuildPhase;
			buildActionMask = 2147483647;
			files = (
				9FBD36831C71BE9B00291252 /* emoji zone.mp4 in Resources */,
				9F98C0761C416397000B0D2A /* LaunchScreen.storyboard in Resources */,
				9F98C0731C416397000B0D2A /* Assets.xcassets in Resources */,
				9F98C06E1C416397000B0D2A /* Main.storyboard in Resources */,
			);
			runOnlyForDeploymentPostprocessing = 0;
		};
/* End PBXResourcesBuildPhase section */

/* Begin PBXSourcesBuildPhase section */
		1463EEC721C803FB00B1683A /* Sources */ = {
			isa = PBXSourcesBuildPhase;
			buildActionMask = 2147483647;
			files = (
				1463EECE21C803FB00B1683A /* PlayLocalVideoTests.swift in Sources */,
			);
			runOnlyForDeploymentPostprocessing = 0;
		};
		9F98C0611C416397000B0D2A /* Sources */ = {
			isa = PBXSourcesBuildPhase;
			buildActionMask = 2147483647;
			files = (
				9F98C06B1C416397000B0D2A /* ViewController.swift in Sources */,
				9F98C09B1C416615000B0D2A /* VideoCell.swift in Sources */,
				9F98C0691C416397000B0D2A /* AppDelegate.swift in Sources */,
			);
			runOnlyForDeploymentPostprocessing = 0;
		};
/* End PBXSourcesBuildPhase section */

/* Begin PBXTargetDependency section */
		1463EED121C803FB00B1683A /* PBXTargetDependency */ = {
			isa = PBXTargetDependency;
			target = 9F98C0641C416397000B0D2A /* PlayLocalVideo */;
			targetProxy = 1463EED021C803FB00B1683A /* PBXContainerItemProxy */;
		};
/* End PBXTargetDependency section */

/* Begin PBXVariantGroup section */
		9F98C06C1C416397000B0D2A /* Main.storyboard */ = {
			isa = PBXVariantGroup;
			children = (
				9F98C06D1C416397000B0D2A /* Base */,
			);
			name = Main.storyboard;
			sourceTree = "<group>";
		};
		9F98C0741C416397000B0D2A /* LaunchScreen.storyboard */ = {
			isa = PBXVariantGroup;
			children = (
				9F98C0751C416397000B0D2A /* Base */,
			);
			name = LaunchScreen.storyboard;
			sourceTree = "<group>";
		};
/* End PBXVariantGroup section */

/* Begin XCBuildConfiguration section */
		1463EED221C803FB00B1683A /* Debug */ = {
			isa = XCBuildConfiguration;
			buildSettings = {
				BUNDLE_LOADER = "$(TEST_HOST)";
				CLANG_ANALYZER_NONNULL = YES;
				CLANG_ANALYZER_NUMBER_OBJECT_CONVERSION = YES_AGGRESSIVE;
				CLANG_CXX_LANGUAGE_STANDARD = "gnu++14";
				CLANG_ENABLE_OBJC_WEAK = YES;
				CLANG_WARN_DEPRECATED_OBJC_IMPLEMENTATIONS = YES;
				CLANG_WARN_DOCUMENTATION_COMMENTS = YES;
				CLANG_WARN_OBJC_IMPLICIT_RETAIN_SELF = YES;
				CLANG_WARN_UNGUARDED_AVAILABILITY = YES_AGGRESSIVE;
				CODE_SIGN_IDENTITY = "iPhone Developer";
				CODE_SIGN_STYLE = Automatic;
				DEVELOPMENT_TEAM = F3YT8BWBYJ;
				GCC_C_LANGUAGE_STANDARD = gnu11;
				INFOPLIST_FILE = PlayLocalVideoTests/Info.plist;
				IPHONEOS_DEPLOYMENT_TARGET = 12.1;
				LD_RUNPATH_SEARCH_PATHS = "$(inherited) @executable_path/Frameworks @loader_path/Frameworks";
				MTL_ENABLE_DEBUG_INFO = INCLUDE_SOURCE;
				MTL_FAST_MATH = YES;
				PRODUCT_BUNDLE_IDENTIFIER = com.wingontravel.qianyb.UITest.PlayLocalVideoTests;
				PRODUCT_NAME = "$(TARGET_NAME)";
				SWIFT_ACTIVE_COMPILATION_CONDITIONS = DEBUG;
				SWIFT_VERSION = 4.2;
				TARGETED_DEVICE_FAMILY = "1,2";
				TEST_HOST = "$(BUILT_PRODUCTS_DIR)/PlayLocalVideo.app/PlayLocalVideo";
			};
			name = Debug;
		};
		1463EED321C803FB00B1683A /* Release */ = {
			isa = XCBuildConfiguration;
			buildSettings = {
				BUNDLE_LOADER = "$(TEST_HOST)";
				CLANG_ANALYZER_NONNULL = YES;
				CLANG_ANALYZER_NUMBER_OBJECT_CONVERSION = YES_AGGRESSIVE;
				CLANG_CXX_LANGUAGE_STANDARD = "gnu++14";
				CLANG_ENABLE_OBJC_WEAK = YES;
				CLANG_WARN_DEPRECATED_OBJC_IMPLEMENTATIONS = YES;
				CLANG_WARN_DOCUMENTATION_COMMENTS = YES;
				CLANG_WARN_OBJC_IMPLICIT_RETAIN_SELF = YES;
				CLANG_WARN_UNGUARDED_AVAILABILITY = YES_AGGRESSIVE;
				CODE_SIGN_IDENTITY = "iPhone Developer";
				CODE_SIGN_STYLE = Automatic;
				DEVELOPMENT_TEAM = F3YT8BWBYJ;
				GCC_C_LANGUAGE_STANDARD = gnu11;
				INFOPLIST_FILE = PlayLocalVideoTests/Info.plist;
				IPHONEOS_DEPLOYMENT_TARGET = 12.1;
				LD_RUNPATH_SEARCH_PATHS = "$(inherited) @executable_path/Frameworks @loader_path/Frameworks";
				MTL_FAST_MATH = YES;
				PRODUCT_BUNDLE_IDENTIFIER = com.wingontravel.qianyb.UITest.PlayLocalVideoTests;
				PRODUCT_NAME = "$(TARGET_NAME)";
				SWIFT_VERSION = 4.2;
				TARGETED_DEVICE_FAMILY = "1,2";
				TEST_HOST = "$(BUILT_PRODUCTS_DIR)/PlayLocalVideo.app/PlayLocalVideo";
			};
			name = Release;
		};
		9F98C08E1C416398000B0D2A /* Debug */ = {
			isa = XCBuildConfiguration;
			buildSettings = {
				ALWAYS_SEARCH_USER_PATHS = NO;
				CLANG_CXX_LANGUAGE_STANDARD = "gnu++0x";
				CLANG_CXX_LIBRARY = "libc++";
				CLANG_ENABLE_MODULES = YES;
				CLANG_ENABLE_OBJC_ARC = YES;
				CLANG_WARN_BLOCK_CAPTURE_AUTORELEASING = YES;
				CLANG_WARN_BOOL_CONVERSION = YES;
				CLANG_WARN_COMMA = YES;
				CLANG_WARN_CONSTANT_CONVERSION = YES;
				CLANG_WARN_DIRECT_OBJC_ISA_USAGE = YES_ERROR;
				CLANG_WARN_EMPTY_BODY = YES;
				CLANG_WARN_ENUM_CONVERSION = YES;
				CLANG_WARN_INFINITE_RECURSION = YES;
				CLANG_WARN_INT_CONVERSION = YES;
				CLANG_WARN_NON_LITERAL_NULL_CONVERSION = YES;
				CLANG_WARN_OBJC_LITERAL_CONVERSION = YES;
				CLANG_WARN_OBJC_ROOT_CLASS = YES_ERROR;
				CLANG_WARN_RANGE_LOOP_ANALYSIS = YES;
				CLANG_WARN_STRICT_PROTOTYPES = YES;
				CLANG_WARN_SUSPICIOUS_MOVE = YES;
				CLANG_WARN_UNREACHABLE_CODE = YES;
				CLANG_WARN__DUPLICATE_METHOD_MATCH = YES;
				"CODE_SIGN_IDENTITY[sdk=iphoneos*]" = "iPhone Developer";
				COPY_PHASE_STRIP = NO;
				DEBUG_INFORMATION_FORMAT = dwarf;
				ENABLE_STRICT_OBJC_MSGSEND = YES;
				ENABLE_TESTABILITY = YES;
				GCC_C_LANGUAGE_STANDARD = gnu99;
				GCC_DYNAMIC_NO_PIC = NO;
				GCC_NO_COMMON_BLOCKS = YES;
				GCC_OPTIMIZATION_LEVEL = 0;
				GCC_PREPROCESSOR_DEFINITIONS = (
					"DEBUG=1",
					"$(inherited)",
				);
				GCC_WARN_64_TO_32_BIT_CONVERSION = YES;
				GCC_WARN_ABOUT_RETURN_TYPE = YES_ERROR;
				GCC_WARN_UNDECLARED_SELECTOR = YES;
				GCC_WARN_UNINITIALIZED_AUTOS = YES_AGGRESSIVE;
				GCC_WARN_UNUSED_FUNCTION = YES;
				GCC_WARN_UNUSED_VARIABLE = YES;
				IPHONEOS_DEPLOYMENT_TARGET = 11.2;
				MTL_ENABLE_DEBUG_INFO = YES;
				ONLY_ACTIVE_ARCH = YES;
				SDKROOT = iphoneos;
				SWIFT_OPTIMIZATION_LEVEL = "-Onone";
			};
			name = Debug;
		};
		9F98C08F1C416398000B0D2A /* Release */ = {
			isa = XCBuildConfiguration;
			buildSettings = {
				ALWAYS_SEARCH_USER_PATHS = NO;
				CLANG_CXX_LANGUAGE_STANDARD = "gnu++0x";
				CLANG_CXX_LIBRARY = "libc++";
				CLANG_ENABLE_MODULES = YES;
				CLANG_ENABLE_OBJC_ARC = YES;
				CLANG_WARN_BLOCK_CAPTURE_AUTORELEASING = YES;
				CLANG_WARN_BOOL_CONVERSION = YES;
				CLANG_WARN_COMMA = YES;
				CLANG_WARN_CONSTANT_CONVERSION = YES;
				CLANG_WARN_DIRECT_OBJC_ISA_USAGE = YES_ERROR;
				CLANG_WARN_EMPTY_BODY = YES;
				CLANG_WARN_ENUM_CONVERSION = YES;
				CLANG_WARN_INFINITE_RECURSION = YES;
				CLANG_WARN_INT_CONVERSION = YES;
				CLANG_WARN_NON_LITERAL_NULL_CONVERSION = YES;
				CLANG_WARN_OBJC_LITERAL_CONVERSION = YES;
				CLANG_WARN_OBJC_ROOT_CLASS = YES_ERROR;
				CLANG_WARN_RANGE_LOOP_ANALYSIS = YES;
				CLANG_WARN_STRICT_PROTOTYPES = YES;
				CLANG_WARN_SUSPICIOUS_MOVE = YES;
				CLANG_WARN_UNREACHABLE_CODE = YES;
				CLANG_WARN__DUPLICATE_METHOD_MATCH = YES;
				"CODE_SIGN_IDENTITY[sdk=iphoneos*]" = "iPhone Developer";
				COPY_PHASE_STRIP = NO;
				DEBUG_INFORMATION_FORMAT = "dwarf-with-dsym";
				ENABLE_NS_ASSERTIONS = NO;
				ENABLE_STRICT_OBJC_MSGSEND = YES;
				GCC_C_LANGUAGE_STANDARD = gnu99;
				GCC_NO_COMMON_BLOCKS = YES;
				GCC_WARN_64_TO_32_BIT_CONVERSION = YES;
				GCC_WARN_ABOUT_RETURN_TYPE = YES_ERROR;
				GCC_WARN_UNDECLARED_SELECTOR = YES;
				GCC_WARN_UNINITIALIZED_AUTOS = YES_AGGRESSIVE;
				GCC_WARN_UNUSED_FUNCTION = YES;
				GCC_WARN_UNUSED_VARIABLE = YES;
				IPHONEOS_DEPLOYMENT_TARGET = 11.2;
				MTL_ENABLE_DEBUG_INFO = NO;
				SDKROOT = iphoneos;
				SWIFT_OPTIMIZATION_LEVEL = "-Owholemodule";
				VALIDATE_PRODUCT = YES;
			};
			name = Release;
		};
		9F98C0911C416398000B0D2A /* Debug */ = {
			isa = XCBuildConfiguration;
			buildSettings = {
				ASSETCATALOG_COMPILER_APPICON_NAME = AppIcon;
				DEVELOPMENT_TEAM = F3YT8BWBYJ;
				INFOPLIST_FILE = PlayLocalVideo/Info.plist;
				LD_RUNPATH_SEARCH_PATHS = "$(inherited) @executable_path/Frameworks";
				PRODUCT_BUNDLE_IDENTIFIER = me.appkitchen.PlayLocalVideo;
				PRODUCT_NAME = "$(TARGET_NAME)";
				SWIFT_SWIFT3_OBJC_INFERENCE = Default;
				SWIFT_VERSION = 4.0;
			};
			name = Debug;
		};
		9F98C0921C416398000B0D2A /* Release */ = {
			isa = XCBuildConfiguration;
			buildSettings = {
				ASSETCATALOG_COMPILER_APPICON_NAME = AppIcon;
				DEVELOPMENT_TEAM = F3YT8BWBYJ;
				INFOPLIST_FILE = PlayLocalVideo/Info.plist;
				LD_RUNPATH_SEARCH_PATHS = "$(inherited) @executable_path/Frameworks";
				PRODUCT_BUNDLE_IDENTIFIER = me.appkitchen.PlayLocalVideo;
				PRODUCT_NAME = "$(TARGET_NAME)";
				SWIFT_SWIFT3_OBJC_INFERENCE = Default;
				SWIFT_VERSION = 4.0;
			};
			name = Release;
		};
/* End XCBuildConfiguration section */

/* Begin XCConfigurationList section */
		1463EED421C803FB00B1683A /* Build configuration list for PBXNativeTarget "PlayLocalVideoTests" */ = {
			isa = XCConfigurationList;
			buildConfigurations = (
				1463EED221C803FB00B1683A /* Debug */,
				1463EED321C803FB00B1683A /* Release */,
			);
			defaultConfigurationIsVisible = 0;
			defaultConfigurationName = Release;
		};
		9F98C0601C416397000B0D2A /* Build configuration list for PBXProject "PlayLocalVideo" */ = {
			isa = XCConfigurationList;
			buildConfigurations = (
				9F98C08E1C416398000B0D2A /* Debug */,
				9F98C08F1C416398000B0D2A /* Release */,
			);
			defaultConfigurationIsVisible = 0;
			defaultConfigurationName = Release;
		};
		9F98C0901C416398000B0D2A /* Build configuration list for PBXNativeTarget "PlayLocalVideo" */ = {
			isa = XCConfigurationList;
			buildConfigurations = (
				9F98C0911C416398000B0D2A /* Debug */,
				9F98C0921C416398000B0D2A /* Release */,
			);
			defaultConfigurationIsVisible = 0;
			defaultConfigurationName = Release;
		};
/* End XCConfigurationList section */
	};
	rootObject = 9F98C05D1C416397000B0D2A /* Project object */;
}
