// !$*UTF8*$!
{
	archiveVersion = 1;
	classes = {
	};
	objectVersion = 46;
	objects = {

/* Begin PBXBuildFile section */
		9F30520D1C5A700E008C3D51 /* AppDelegate.swift in Sources */ = {isa = PBXBuildFile; fileRef = 9F30520C1C5A700E008C3D51 /* AppDelegate.swift */; };
		9F30520F1C5A700E008C3D51 /* ViewController.swift in Sources */ = {isa = PBXBuildFile; fileRef = 9F30520E1C5A700E008C3D51 /* ViewController.swift */; };
		9F3052121C5A700E008C3D51 /* Main.storyboard in Resources */ = {isa = PBXBuildFile; fileRef = 9F3052101C5A700E008C3D51 /* Main.storyboard */; };
		9F3052141C5A700E008C3D51 /* Assets.xcassets in Resources */ = {isa = PBXBuildFile; fileRef = 9F3052131C5A700E008C3D51 /* Assets.xcassets */; };
		9F3052171C5A700E008C3D51 /* LaunchScreen.storyboard in Resources */ = {isa = PBXBuildFile; fileRef = 9F3052151C5A700E008C3D51 /* LaunchScreen.storyboard */; };
		9F3052221C5A700E008C3D51 /* _DTouchQuickActionTests.swift in Sources */ = {isa = PBXBuildFile; fileRef = 9F3052211C5A700E008C3D51 /* _DTouchQuickActionTests.swift */; };
		9F30522D1C5A700E008C3D51 /* _DTouchQuickActionUITests.swift in Sources */ = {isa = PBXBuildFile; fileRef = 9F30522C1C5A700E008C3D51 /* _DTouchQuickActionUITests.swift */; };
		9F30523B1C5A789A008C3D51 /* RunViewController.swift in Sources */ = {isa = PBXBuildFile; fileRef = 9F30523A1C5A789A008C3D51 /* RunViewController.swift */; };
		9F30523D1C5A78A5008C3D51 /* ScanViewController.swift in Sources */ = {isa = PBXBuildFile; fileRef = 9F30523C1C5A78A5008C3D51 /* ScanViewController.swift */; };
		9F30523F1C5A78B0008C3D51 /* SwitchWiFiViewController.swift in Sources */ = {isa = PBXBuildFile; fileRef = 9F30523E1C5A78B0008C3D51 /* SwitchWiFiViewController.swift */; };
/* End PBXBuildFile section */

/* Begin PBXContainerItemProxy section */
		9F30521E1C5A700E008C3D51 /* PBXContainerItemProxy */ = {
			isa = PBXContainerItemProxy;
			containerPortal = 9F3052011C5A700E008C3D51 /* Project object */;
			proxyType = 1;
			remoteGlobalIDString = 9F3052081C5A700E008C3D51;
			remoteInfo = 3DTouchQuickAction;
		};
		9F3052291C5A700E008C3D51 /* PBXContainerItemProxy */ = {
			isa = PBXContainerItemProxy;
			containerPortal = 9F3052011C5A700E008C3D51 /* Project object */;
			proxyType = 1;
			remoteGlobalIDString = 9F3052081C5A700E008C3D51;
			remoteInfo = 3DTouchQuickAction;
		};
/* End PBXContainerItemProxy section */

/* Begin PBXFileReference section */
		9F3052091C5A700E008C3D51 /* 3DTouchQuickAction.app */ = {isa = PBXFileReference; explicitFileType = wrapper.application; includeInIndex = 0; path = 3DTouchQuickAction.app; sourceTree = BUILT_PRODUCTS_DIR; };
		9F30520C1C5A700E008C3D51 /* AppDelegate.swift */ = {isa = PBXFileReference; lastKnownFileType = sourcecode.swift; path = AppDelegate.swift; sourceTree = "<group>"; };
		9F30520E1C5A700E008C3D51 /* ViewController.swift */ = {isa = PBXFileReference; lastKnownFileType = sourcecode.swift; path = ViewController.swift; sourceTree = "<group>"; };
		9F3052111C5A700E008C3D51 /* Base */ = {isa = PBXFileReference; lastKnownFileType = file.storyboard; name = Base; path = Base.lproj/Main.storyboard; sourceTree = "<group>"; };
		9F3052131C5A700E008C3D51 /* Assets.xcassets */ = {isa = PBXFileReference; lastKnownFileType = folder.assetcatalog; path = Assets.xcassets; sourceTree = "<group>"; };
		9F3052161C5A700E008C3D51 /* Base */ = {isa = PBXFileReference; lastKnownFileType = file.storyboard; name = Base; path = Base.lproj/LaunchScreen.storyboard; sourceTree = "<group>"; };
		9F3052181C5A700E008C3D51 /* Info.plist */ = {isa = PBXFileReference; lastKnownFileType = text.plist.xml; path = Info.plist; sourceTree = "<group>"; };
		9F30521D1C5A700E008C3D51 /* 3DTouchQuickActionTests.xctest */ = {isa = PBXFileReference; explicitFileType = wrapper.cfbundle; includeInIndex = 0; path = 3DTouchQuickActionTests.xctest; sourceTree = BUILT_PRODUCTS_DIR; };
		9F3052211C5A700E008C3D51 /* _DTouchQuickActionTests.swift */ = {isa = PBXFileReference; lastKnownFileType = sourcecode.swift; path = _DTouchQuickActionTests.swift; sourceTree = "<group>"; };
		9F3052231C5A700E008C3D51 /* Info.plist */ = {isa = PBXFileReference; lastKnownFileType = text.plist.xml; path = Info.plist; sourceTree = "<group>"; };
		9F3052281C5A700E008C3D51 /* 3DTouchQuickActionUITests.xctest */ = {isa = PBXFileReference; explicitFileType = wrapper.cfbundle; includeInIndex = 0; path = 3DTouchQuickActionUITests.xctest; sourceTree = BUILT_PRODUCTS_DIR; };
		9F30522C1C5A700E008C3D51 /* _DTouchQuickActionUITests.swift */ = {isa = PBXFileReference; lastKnownFileType = sourcecode.swift; path = _DTouchQuickActionUITests.swift; sourceTree = "<group>"; };
		9F30522E1C5A700E008C3D51 /* Info.plist */ = {isa = PBXFileReference; lastKnownFileType = text.plist.xml; path = Info.plist; sourceTree = "<group>"; };
		9F30523A1C5A789A008C3D51 /* RunViewController.swift */ = {isa = PBXFileReference; fileEncoding = 4; lastKnownFileType = sourcecode.swift; path = RunViewController.swift; sourceTree = "<group>"; };
		9F30523C1C5A78A5008C3D51 /* ScanViewController.swift */ = {isa = PBXFileReference; fileEncoding = 4; lastKnownFileType = sourcecode.swift; path = ScanViewController.swift; sourceTree = "<group>"; };
		9F30523E1C5A78B0008C3D51 /* SwitchWiFiViewController.swift */ = {isa = PBXFileReference; fileEncoding = 4; lastKnownFileType = sourcecode.swift; path = SwitchWiFiViewController.swift; sourceTree = "<group>"; };
/* End PBXFileReference section */

/* Begin PBXFrameworksBuildPhase section */
		9F3052061C5A700E008C3D51 /* Frameworks */ = {
			isa = PBXFrameworksBuildPhase;
			buildActionMask = 2147483647;
			files = (
			);
			runOnlyForDeploymentPostprocessing = 0;
		};
		9F30521A1C5A700E008C3D51 /* Frameworks */ = {
			isa = PBXFrameworksBuildPhase;
			buildActionMask = 2147483647;
			files = (
			);
			runOnlyForDeploymentPostprocessing = 0;
		};
		9F3052251C5A700E008C3D51 /* Frameworks */ = {
			isa = PBXFrameworksBuildPhase;
			buildActionMask = 2147483647;
			files = (
			);
			runOnlyForDeploymentPostprocessing = 0;
		};
/* End PBXFrameworksBuildPhase section */

/* Begin PBXGroup section */
		9F3052001C5A700E008C3D51 = {
			isa = PBXGroup;
			children = (
				9F30520B1C5A700E008C3D51 /* 3DTouchQuickAction */,
				9F3052201C5A700E008C3D51 /* 3DTouchQuickActionTests */,
				9F30522B1C5A700E008C3D51 /* 3DTouchQuickActionUITests */,
				9F30520A1C5A700E008C3D51 /* Products */,
			);
			sourceTree = "<group>";
		};
		9F30520A1C5A700E008C3D51 /* Products */ = {
			isa = PBXGroup;
			children = (
				9F3052091C5A700E008C3D51 /* 3DTouchQuickAction.app */,
				9F30521D1C5A700E008C3D51 /* 3DTouchQuickActionTests.xctest */,
				9F3052281C5A700E008C3D51 /* 3DTouchQuickActionUITests.xctest */,
			);
			name = Products;
			sourceTree = "<group>";
		};
		9F30520B1C5A700E008C3D51 /* 3DTouchQuickAction */ = {
			isa = PBXGroup;
			children = (
				9F30520C1C5A700E008C3D51 /* AppDelegate.swift */,
				9F30520E1C5A700E008C3D51 /* ViewController.swift */,
				9F30523A1C5A789A008C3D51 /* RunViewController.swift */,
				9F30523C1C5A78A5008C3D51 /* ScanViewController.swift */,
				9F30523E1C5A78B0008C3D51 /* SwitchWiFiViewController.swift */,
				9F3052101C5A700E008C3D51 /* Main.storyboard */,
				9F3052131C5A700E008C3D51 /* Assets.xcassets */,
				9F3052151C5A700E008C3D51 /* LaunchScreen.storyboard */,
				9F3052181C5A700E008C3D51 /* Info.plist */,
			);
			path = 3DTouchQuickAction;
			sourceTree = "<group>";
		};
		9F3052201C5A700E008C3D51 /* 3DTouchQuickActionTests */ = {
			isa = PBXGroup;
			children = (
				9F3052211C5A700E008C3D51 /* _DTouchQuickActionTests.swift */,
				9F3052231C5A700E008C3D51 /* Info.plist */,
			);
			path = 3DTouchQuickActionTests;
			sourceTree = "<group>";
		};
		9F30522B1C5A700E008C3D51 /* 3DTouchQuickActionUITests */ = {
			isa = PBXGroup;
			children = (
				9F30522C1C5A700E008C3D51 /* _DTouchQuickActionUITests.swift */,
				9F30522E1C5A700E008C3D51 /* Info.plist */,
			);
			path = 3DTouchQuickActionUITests;
			sourceTree = "<group>";
		};
/* End PBXGroup section */

/* Begin PBXNativeTarget section */
		9F3052081C5A700E008C3D51 /* 3DTouchQuickAction */ = {
			isa = PBXNativeTarget;
			buildConfigurationList = 9F3052311C5A700E008C3D51 /* Build configuration list for PBXNativeTarget "3DTouchQuickAction" */;
			buildPhases = (
				9F3052051C5A700E008C3D51 /* Sources */,
				9F3052061C5A700E008C3D51 /* Frameworks */,
				9F3052071C5A700E008C3D51 /* Resources */,
			);
			buildRules = (
			);
			dependencies = (
			);
			name = 3DTouchQuickAction;
			productName = 3DTouchQuickAction;
			productReference = 9F3052091C5A700E008C3D51 /* 3DTouchQuickAction.app */;
			productType = "com.apple.product-type.application";
		};
		9F30521C1C5A700E008C3D51 /* 3DTouchQuickActionTests */ = {
			isa = PBXNativeTarget;
			buildConfigurationList = 9F3052341C5A700E008C3D51 /* Build configuration list for PBXNativeTarget "3DTouchQuickActionTests" */;
			buildPhases = (
				9F3052191C5A700E008C3D51 /* Sources */,
				9F30521A1C5A700E008C3D51 /* Frameworks */,
				9F30521B1C5A700E008C3D51 /* Resources */,
			);
			buildRules = (
			);
			dependencies = (
				9F30521F1C5A700E008C3D51 /* PBXTargetDependency */,
			);
			name = 3DTouchQuickActionTests;
			productName = 3DTouchQuickActionTests;
			productReference = 9F30521D1C5A700E008C3D51 /* 3DTouchQuickActionTests.xctest */;
			productType = "com.apple.product-type.bundle.unit-test";
		};
		9F3052271C5A700E008C3D51 /* 3DTouchQuickActionUITests */ = {
			isa = PBXNativeTarget;
			buildConfigurationList = 9F3052371C5A700E008C3D51 /* Build configuration list for PBXNativeTarget "3DTouchQuickActionUITests" */;
			buildPhases = (
				9F3052241C5A700E008C3D51 /* Sources */,
				9F3052251C5A700E008C3D51 /* Frameworks */,
				9F3052261C5A700E008C3D51 /* Resources */,
			);
			buildRules = (
			);
			dependencies = (
				9F30522A1C5A700E008C3D51 /* PBXTargetDependency */,
			);
			name = 3DTouchQuickActionUITests;
			productName = 3DTouchQuickActionUITests;
			productReference = 9F3052281C5A700E008C3D51 /* 3DTouchQuickActionUITests.xctest */;
			productType = "com.apple.product-type.bundle.ui-testing";
		};
/* End PBXNativeTarget section */

/* Begin PBXProject section */
		9F3052011C5A700E008C3D51 /* Project object */ = {
			isa = PBXProject;
			attributes = {
				LastSwiftUpdateCheck = 0720;
				LastUpgradeCheck = 0720;
				ORGANIZATIONNAME = Allen;
				TargetAttributes = {
					9F3052081C5A700E008C3D51 = {
						CreatedOnToolsVersion = 7.2;
					};
					9F30521C1C5A700E008C3D51 = {
						CreatedOnToolsVersion = 7.2;
						TestTargetID = 9F3052081C5A700E008C3D51;
					};
					9F3052271C5A700E008C3D51 = {
						CreatedOnToolsVersion = 7.2;
						TestTargetID = 9F3052081C5A700E008C3D51;
					};
				};
			};
			buildConfigurationList = 9F3052041C5A700E008C3D51 /* Build configuration list for PBXProject "3DTouchQuickAction" */;
			compatibilityVersion = "Xcode 3.2";
			developmentRegion = English;
			hasScannedForEncodings = 0;
			knownRegions = (
				en,
				Base,
			);
			mainGroup = 9F3052001C5A700E008C3D51;
			productRefGroup = 9F30520A1C5A700E008C3D51 /* Products */;
			projectDirPath = "";
			projectRoot = "";
			targets = (
				9F3052081C5A700E008C3D51 /* 3DTouchQuickAction */,
				9F30521C1C5A700E008C3D51 /* 3DTouchQuickActionTests */,
				9F3052271C5A700E008C3D51 /* 3DTouchQuickActionUITests */,
			);
		};
/* End PBXProject section */

/* Begin PBXResourcesBuildPhase section */
		9F3052071C5A700E008C3D51 /* Resources */ = {
			isa = PBXResourcesBuildPhase;
			buildActionMask = 2147483647;
			files = (
				9F3052171C5A700E008C3D51 /* LaunchScreen.storyboard in Resources */,
				9F3052141C5A700E008C3D51 /* Assets.xcassets in Resources */,
				9F3052121C5A700E008C3D51 /* Main.storyboard in Resources */,
			);
			runOnlyForDeploymentPostprocessing = 0;
		};
		9F30521B1C5A700E008C3D51 /* Resources */ = {
			isa = PBXResourcesBuildPhase;
			buildActionMask = 2147483647;
			files = (
			);
			runOnlyForDeploymentPostprocessing = 0;
		};
		9F3052261C5A700E008C3D51 /* Resources */ = {
			isa = PBXResourcesBuildPhase;
			buildActionMask = 2147483647;
			files = (
			);
			runOnlyForDeploymentPostprocessing = 0;
		};
/* End PBXResourcesBuildPhase section */

/* Begin PBXSourcesBuildPhase section */
		9F3052051C5A700E008C3D51 /* Sources */ = {
			isa = PBXSourcesBuildPhase;
			buildActionMask = 2147483647;
			files = (
				9F30523F1C5A78B0008C3D51 /* SwitchWiFiViewController.swift in Sources */,
				9F30520F1C5A700E008C3D51 /* ViewController.swift in Sources */,
				9F30523B1C5A789A008C3D51 /* RunViewController.swift in Sources */,
				9F30520D1C5A700E008C3D51 /* AppDelegate.swift in Sources */,
				9F30523D1C5A78A5008C3D51 /* ScanViewController.swift in Sources */,
			);
			runOnlyForDeploymentPostprocessing = 0;
		};
		9F3052191C5A700E008C3D51 /* Sources */ = {
			isa = PBXSourcesBuildPhase;
			buildActionMask = 2147483647;
			files = (
				9F3052221C5A700E008C3D51 /* _DTouchQuickActionTests.swift in Sources */,
			);
			runOnlyForDeploymentPostprocessing = 0;
		};
		9F3052241C5A700E008C3D51 /* Sources */ = {
			isa = PBXSourcesBuildPhase;
			buildActionMask = 2147483647;
			files = (
				9F30522D1C5A700E008C3D51 /* _DTouchQuickActionUITests.swift in Sources */,
			);
			runOnlyForDeploymentPostprocessing = 0;
		};
/* End PBXSourcesBuildPhase section */

/* Begin PBXTargetDependency section */
		9F30521F1C5A700E008C3D51 /* PBXTargetDependency */ = {
			isa = PBXTargetDependency;
			target = 9F3052081C5A700E008C3D51 /* 3DTouchQuickAction */;
			targetProxy = 9F30521E1C5A700E008C3D51 /* PBXContainerItemProxy */;
		};
		9F30522A1C5A700E008C3D51 /* PBXTargetDependency */ = {
			isa = PBXTargetDependency;
			target = 9F3052081C5A700E008C3D51 /* 3DTouchQuickAction */;
			targetProxy = 9F3052291C5A700E008C3D51 /* PBXContainerItemProxy */;
		};
/* End PBXTargetDependency section */

/* Begin PBXVariantGroup section */
		9F3052101C5A700E008C3D51 /* Main.storyboard */ = {
			isa = PBXVariantGroup;
			children = (
				9F3052111C5A700E008C3D51 /* Base */,
			);
			name = Main.storyboard;
			sourceTree = "<group>";
		};
		9F3052151C5A700E008C3D51 /* LaunchScreen.storyboard */ = {
			isa = PBXVariantGroup;
			children = (
				9F3052161C5A700E008C3D51 /* Base */,
			);
			name = LaunchScreen.storyboard;
			sourceTree = "<group>";
		};
/* End PBXVariantGroup section */

/* Begin XCBuildConfiguration section */
		9F30522F1C5A700E008C3D51 /* Debug */ = {
			isa = XCBuildConfiguration;
			buildSettings = {
				ALWAYS_SEARCH_USER_PATHS = NO;
				CLANG_CXX_LANGUAGE_STANDARD = "gnu++0x";
				CLANG_CXX_LIBRARY = "libc++";
				CLANG_ENABLE_MODULES = YES;
				CLANG_ENABLE_OBJC_ARC = YES;
				CLANG_WARN_BOOL_CONVERSION = YES;
				CLANG_WARN_CONSTANT_CONVERSION = YES;
				CLANG_WARN_DIRECT_OBJC_ISA_USAGE = YES_ERROR;
				CLANG_WARN_EMPTY_BODY = YES;
				CLANG_WARN_ENUM_CONVERSION = YES;
				CLANG_WARN_INT_CONVERSION = YES;
				CLANG_WARN_OBJC_ROOT_CLASS = YES_ERROR;
				CLANG_WARN_UNREACHABLE_CODE = YES;
				CLANG_WARN__DUPLICATE_METHOD_MATCH = YES;
				"CODE_SIGN_IDENTITY[sdk=iphoneos*]" = "iPhone Developer";
				COPY_PHASE_STRIP = NO;
				DEBUG_INFORMATION_FORMAT = dwarf;
				ENABLE_STRICT_OBJC_MSGSEND = YES;
				ENABLE_TESTABILITY = YES;
				GCC_C_LANGUAGE_STANDARD = gnu99;
				GCC_DYNAMIC_NO_PIC = NO;
				GCC_NO_COMMON_BLOCKS = YES;
				GCC_OPTIMIZATION_LEVEL = 0;
				GCC_PREPROCESSOR_DEFINITIONS = (
					"DEBUG=1",
					"$(inherited)",
				);
				GCC_WARN_64_TO_32_BIT_CONVERSION = YES;
				GCC_WARN_ABOUT_RETURN_TYPE = YES_ERROR;
				GCC_WARN_UNDECLARED_SELECTOR = YES;
				GCC_WARN_UNINITIALIZED_AUTOS = YES_AGGRESSIVE;
				GCC_WARN_UNUSED_FUNCTION = YES;
				GCC_WARN_UNUSED_VARIABLE = YES;
				IPHONEOS_DEPLOYMENT_TARGET = 9.2;
				MTL_ENABLE_DEBUG_INFO = YES;
				ONLY_ACTIVE_ARCH = YES;
				SDKROOT = iphoneos;
				SWIFT_OPTIMIZATION_LEVEL = "-Onone";
			};
			name = Debug;
		};
		9F3052301C5A700E008C3D51 /* Release */ = {
			isa = XCBuildConfiguration;
			buildSettings = {
				ALWAYS_SEARCH_USER_PATHS = NO;
				CLANG_CXX_LANGUAGE_STANDARD = "gnu++0x";
				CLANG_CXX_LIBRARY = "libc++";
				CLANG_ENABLE_MODULES = YES;
				CLANG_ENABLE_OBJC_ARC = YES;
				CLANG_WARN_BOOL_CONVERSION = YES;
				CLANG_WARN_CONSTANT_CONVERSION = YES;
				CLANG_WARN_DIRECT_OBJC_ISA_USAGE = YES_ERROR;
				CLANG_WARN_EMPTY_BODY = YES;
				CLANG_WARN_ENUM_CONVERSION = YES;
				CLANG_WARN_INT_CONVERSION = YES;
				CLANG_WARN_OBJC_ROOT_CLASS = YES_ERROR;
				CLANG_WARN_UNREACHABLE_CODE = YES;
				CLANG_WARN__DUPLICATE_METHOD_MATCH = YES;
				"CODE_SIGN_IDENTITY[sdk=iphoneos*]" = "iPhone Developer";
				COPY_PHASE_STRIP = NO;
				DEBUG_INFORMATION_FORMAT = "dwarf-with-dsym";
				ENABLE_NS_ASSERTIONS = NO;
				ENABLE_STRICT_OBJC_MSGSEND = YES;
				GCC_C_LANGUAGE_STANDARD = gnu99;
				GCC_NO_COMMON_BLOCKS = YES;
				GCC_WARN_64_TO_32_BIT_CONVERSION = YES;
				GCC_WARN_ABOUT_RETURN_TYPE = YES_ERROR;
				GCC_WARN_UNDECLARED_SELECTOR = YES;
				GCC_WARN_UNINITIALIZED_AUTOS = YES_AGGRESSIVE;
				GCC_WARN_UNUSED_FUNCTION = YES;
				GCC_WARN_UNUSED_VARIABLE = YES;
				IPHONEOS_DEPLOYMENT_TARGET = 9.2;
				MTL_ENABLE_DEBUG_INFO = NO;
				SDKROOT = iphoneos;
				VALIDATE_PRODUCT = YES;
			};
			name = Release;
		};
		9F3052321C5A700E008C3D51 /* Debug */ = {
			isa = XCBuildConfiguration;
			buildSettings = {
				ASSETCATALOG_COMPILER_APPICON_NAME = AppIcon;
				INFOPLIST_FILE = 3DTouchQuickAction/Info.plist;
				LD_RUNPATH_SEARCH_PATHS = "$(inherited) @executable_path/Frameworks";
				PRODUCT_BUNDLE_IDENTIFIER = "me.appkitchen.-DTouchQuickAction";
				PRODUCT_NAME = "$(TARGET_NAME)";
			};
			name = Debug;
		};
		9F3052331C5A700E008C3D51 /* Release */ = {
			isa = XCBuildConfiguration;
			buildSettings = {
				ASSETCATALOG_COMPILER_APPICON_NAME = AppIcon;
				INFOPLIST_FILE = 3DTouchQuickAction/Info.plist;
				LD_RUNPATH_SEARCH_PATHS = "$(inherited) @executable_path/Frameworks";
				PRODUCT_BUNDLE_IDENTIFIER = "me.appkitchen.-DTouchQuickAction";
				PRODUCT_NAME = "$(TARGET_NAME)";
			};
			name = Release;
		};
		9F3052351C5A700E008C3D51 /* Debug */ = {
			isa = XCBuildConfiguration;
			buildSettings = {
				BUNDLE_LOADER = "$(TEST_HOST)";
				INFOPLIST_FILE = 3DTouchQuickActionTests/Info.plist;
				LD_RUNPATH_SEARCH_PATHS = "$(inherited) @executable_path/Frameworks @loader_path/Frameworks";
				PRODUCT_BUNDLE_IDENTIFIER = "me.appkitchen.-DTouchQuickActionTests";
				PRODUCT_NAME = "$(TARGET_NAME)";
				TEST_HOST = "$(BUILT_PRODUCTS_DIR)/3DTouchQuickAction.app/3DTouchQuickAction";
			};
			name = Debug;
		};
		9F3052361C5A700E008C3D51 /* Release */ = {
			isa = XCBuildConfiguration;
			buildSettings = {
				BUNDLE_LOADER = "$(TEST_HOST)";
				INFOPLIST_FILE = 3DTouchQuickActionTests/Info.plist;
				LD_RUNPATH_SEARCH_PATHS = "$(inherited) @executable_path/Frameworks @loader_path/Frameworks";
				PRODUCT_BUNDLE_IDENTIFIER = "me.appkitchen.-DTouchQuickActionTests";
				PRODUCT_NAME = "$(TARGET_NAME)";
				TEST_HOST = "$(BUILT_PRODUCTS_DIR)/3DTouchQuickAction.app/3DTouchQuickAction";
			};
			name = Release;
		};
		9F3052381C5A700E008C3D51 /* Debug */ = {
			isa = XCBuildConfiguration;
			buildSettings = {
				INFOPLIST_FILE = 3DTouchQuickActionUITests/Info.plist;
				LD_RUNPATH_SEARCH_PATHS = "$(inherited) @executable_path/Frameworks @loader_path/Frameworks";
				PRODUCT_BUNDLE_IDENTIFIER = "me.appkitchen.-DTouchQuickActionUITests";
				PRODUCT_NAME = "$(TARGET_NAME)";
				TEST_TARGET_NAME = 3DTouchQuickAction;
				USES_XCTRUNNER = YES;
			};
			name = Debug;
		};
		9F3052391C5A700E008C3D51 /* Release */ = {
			isa = XCBuildConfiguration;
			buildSettings = {
				INFOPLIST_FILE = 3DTouchQuickActionUITests/Info.plist;
				LD_RUNPATH_SEARCH_PATHS = "$(inherited) @executable_path/Frameworks @loader_path/Frameworks";
				PRODUCT_BUNDLE_IDENTIFIER = "me.appkitchen.-DTouchQuickActionUITests";
				PRODUCT_NAME = "$(TARGET_NAME)";
				TEST_TARGET_NAME = 3DTouchQuickAction;
				USES_XCTRUNNER = YES;
			};
			name = Release;
		};
/* End XCBuildConfiguration section */

/* Begin XCConfigurationList section */
		9F3052041C5A700E008C3D51 /* Build configuration list for PBXProject "3DTouchQuickAction" */ = {
			isa = XCConfigurationList;
			buildConfigurations = (
				9F30522F1C5A700E008C3D51 /* Debug */,
				9F3052301C5A700E008C3D51 /* Release */,
			);
			defaultConfigurationIsVisible = 0;
			defaultConfigurationName = Release;
		};
		9F3052311C5A700E008C3D51 /* Build configuration list for PBXNativeTarget "3DTouchQuickAction" */ = {
			isa = XCConfigurationList;
			buildConfigurations = (
				9F3052321C5A700E008C3D51 /* Debug */,
				9F3052331C5A700E008C3D51 /* Release */,
			);
			defaultConfigurationIsVisible = 0;
		};
		9F3052341C5A700E008C3D51 /* Build configuration list for PBXNativeTarget "3DTouchQuickActionTests" */ = {
			isa = XCConfigurationList;
			buildConfigurations = (
				9F3052351C5A700E008C3D51 /* Debug */,
				9F3052361C5A700E008C3D51 /* Release */,
			);
			defaultConfigurationIsVisible = 0;
		};
		9F3052371C5A700E008C3D51 /* Build configuration list for PBXNativeTarget "3DTouchQuickActionUITests" */ = {
			isa = XCConfigurationList;
			buildConfigurations = (
				9F3052381C5A700E008C3D51 /* Debug */,
				9F3052391C5A700E008C3D51 /* Release */,
			);
			defaultConfigurationIsVisible = 0;
		};
/* End XCConfigurationList section */
	};
	rootObject = 9F3052011C5A700E008C3D51 /* Project object */;
}
