// !$*UTF8*$!
{
	archiveVersion = 1;
	classes = {
	};
	objectVersion = 46;
	objects = {

/* Begin PBXBuildFile section */
		9F3A5CC71C634A6A00198488 /* AppDelegate.swift in Sources */ = {isa = PBXBuildFile; fileRef = 9F3A5CC61C634A6A00198488 /* AppDelegate.swift */; };
		9F3A5CCC1C634A6A00198488 /* Main.storyboard in Resources */ = {isa = PBXBuildFile; fileRef = 9F3A5CCA1C634A6A00198488 /* Main.storyboard */; };
		9F3A5CCE1C634A6A00198488 /* Assets.xcassets in Resources */ = {isa = PBXBuildFile; fileRef = 9F3A5CCD1C634A6A00198488 /* Assets.xcassets */; };
		9F3A5CD11C634A6A00198488 /* LaunchScreen.storyboard in Resources */ = {isa = PBXBuildFile; fileRef = 9F3A5CCF1C634A6A00198488 /* LaunchScreen.storyboard */; };
		9F3A5CF51C635A4C00198488 /* FirstTabViewController.swift in Sources */ = {isa = PBXBuildFile; fileRef = 9F3A5CF41C635A4C00198488 /* FirstTabViewController.swift */; };
		9F3A5CF71C635A5B00198488 /* SecondTabViewController.swift in Sources */ = {isa = PBXBuildFile; fileRef = 9F3A5CF61C635A5B00198488 /* SecondTabViewController.swift */; };
		9F3A5CF91C63B22700198488 /* ThirdViewController.swift in Sources */ = {isa = PBXBuildFile; fileRef = 9F3A5CF81C63B22700198488 /* ThirdViewController.swift */; };
		9F3A5CFB1C63CA3200198488 /* ArticleTableViewCell.swift in Sources */ = {isa = PBXBuildFile; fileRef = 9F3A5CFA1C63CA3200198488 /* ArticleTableViewCell.swift */; };
/* End PBXBuildFile section */

/* Begin PBXFileReference section */
		9F3A5CC31C634A6A00198488 /* TabbarApp.app */ = {isa = PBXFileReference; explicitFileType = wrapper.application; includeInIndex = 0; path = TabbarApp.app; sourceTree = BUILT_PRODUCTS_DIR; };
		9F3A5CC61C634A6A00198488 /* AppDelegate.swift */ = {isa = PBXFileReference; lastKnownFileType = sourcecode.swift; path = AppDelegate.swift; sourceTree = "<group>"; };
		9F3A5CCB1C634A6A00198488 /* Base */ = {isa = PBXFileReference; lastKnownFileType = file.storyboard; name = Base; path = Base.lproj/Main.storyboard; sourceTree = "<group>"; };
		9F3A5CCD1C634A6A00198488 /* Assets.xcassets */ = {isa = PBXFileReference; lastKnownFileType = folder.assetcatalog; path = Assets.xcassets; sourceTree = "<group>"; };
		9F3A5CD01C634A6A00198488 /* Base */ = {isa = PBXFileReference; lastKnownFileType = file.storyboard; name = Base; path = Base.lproj/LaunchScreen.storyboard; sourceTree = "<group>"; };
		9F3A5CD21C634A6A00198488 /* Info.plist */ = {isa = PBXFileReference; lastKnownFileType = text.plist.xml; path = Info.plist; sourceTree = "<group>"; };
		9F3A5CDB1C634A6A00198488 /* TabbarAppTests.swift */ = {isa = PBXFileReference; lastKnownFileType = sourcecode.swift; path = TabbarAppTests.swift; sourceTree = "<group>"; };
		9F3A5CDD1C634A6A00198488 /* Info.plist */ = {isa = PBXFileReference; lastKnownFileType = text.plist.xml; path = Info.plist; sourceTree = "<group>"; };
		9F3A5CE61C634A6A00198488 /* TabbarAppUITests.swift */ = {isa = PBXFileReference; lastKnownFileType = sourcecode.swift; path = TabbarAppUITests.swift; sourceTree = "<group>"; };
		9F3A5CE81C634A6A00198488 /* Info.plist */ = {isa = PBXFileReference; lastKnownFileType = text.plist.xml; path = Info.plist; sourceTree = "<group>"; };
		9F3A5CF41C635A4C00198488 /* FirstTabViewController.swift */ = {isa = PBXFileReference; fileEncoding = 4; lastKnownFileType = sourcecode.swift; path = FirstTabViewController.swift; sourceTree = "<group>"; };
		9F3A5CF61C635A5B00198488 /* SecondTabViewController.swift */ = {isa = PBXFileReference; fileEncoding = 4; lastKnownFileType = sourcecode.swift; path = SecondTabViewController.swift; sourceTree = "<group>"; };
		9F3A5CF81C63B22700198488 /* ThirdViewController.swift */ = {isa = PBXFileReference; fileEncoding = 4; lastKnownFileType = sourcecode.swift; path = ThirdViewController.swift; sourceTree = "<group>"; };
		9F3A5CFA1C63CA3200198488 /* ArticleTableViewCell.swift */ = {isa = PBXFileReference; fileEncoding = 4; lastKnownFileType = sourcecode.swift; path = ArticleTableViewCell.swift; sourceTree = "<group>"; };
/* End PBXFileReference section */

/* Begin PBXFrameworksBuildPhase section */
		9F3A5CC01C634A6A00198488 /* Frameworks */ = {
			isa = PBXFrameworksBuildPhase;
			buildActionMask = 2147483647;
			files = (
			);
			runOnlyForDeploymentPostprocessing = 0;
		};
/* End PBXFrameworksBuildPhase section */

/* Begin PBXGroup section */
		9F3A5CBA1C634A6A00198488 = {
			isa = PBXGroup;
			children = (
				9F3A5CC51C634A6A00198488 /* TabbarApp */,
				9F3A5CDA1C634A6A00198488 /* TabbarAppTests */,
				9F3A5CE51C634A6A00198488 /* TabbarAppUITests */,
				9F3A5CC41C634A6A00198488 /* Products */,
			);
			sourceTree = "<group>";
		};
		9F3A5CC41C634A6A00198488 /* Products */ = {
			isa = PBXGroup;
			children = (
				9F3A5CC31C634A6A00198488 /* TabbarApp.app */,
			);
			name = Products;
			sourceTree = "<group>";
		};
		9F3A5CC51C634A6A00198488 /* TabbarApp */ = {
			isa = PBXGroup;
			children = (
				9F3A5CC61C634A6A00198488 /* AppDelegate.swift */,
				9F3A5CF41C635A4C00198488 /* FirstTabViewController.swift */,
				9F3A5CFA1C63CA3200198488 /* ArticleTableViewCell.swift */,
				9F3A5CF61C635A5B00198488 /* SecondTabViewController.swift */,
				9F3A5CF81C63B22700198488 /* ThirdViewController.swift */,
				9F3A5CCA1C634A6A00198488 /* Main.storyboard */,
				9F3A5CCD1C634A6A00198488 /* Assets.xcassets */,
				9F3A5CCF1C634A6A00198488 /* LaunchScreen.storyboard */,
				9F3A5CD21C634A6A00198488 /* Info.plist */,
			);
			path = TabbarApp;
			sourceTree = "<group>";
		};
		9F3A5CDA1C634A6A00198488 /* TabbarAppTests */ = {
			isa = PBXGroup;
			children = (
				9F3A5CDB1C634A6A00198488 /* TabbarAppTests.swift */,
				9F3A5CDD1C634A6A00198488 /* Info.plist */,
			);
			path = TabbarAppTests;
			sourceTree = "<group>";
		};
		9F3A5CE51C634A6A00198488 /* TabbarAppUITests */ = {
			isa = PBXGroup;
			children = (
				9F3A5CE61C634A6A00198488 /* TabbarAppUITests.swift */,
				9F3A5CE81C634A6A00198488 /* Info.plist */,
			);
			path = TabbarAppUITests;
			sourceTree = "<group>";
		};
/* End PBXGroup section */

/* Begin PBXNativeTarget section */
		9F3A5CC21C634A6A00198488 /* TabbarApp */ = {
			isa = PBXNativeTarget;
			buildConfigurationList = 9F3A5CEB1C634A6A00198488 /* Build configuration list for PBXNativeTarget "TabbarApp" */;
			buildPhases = (
				9F3A5CBF1C634A6A00198488 /* Sources */,
				9F3A5CC01C634A6A00198488 /* Frameworks */,
				9F3A5CC11C634A6A00198488 /* Resources */,
			);
			buildRules = (
			);
			dependencies = (
			);
			name = TabbarApp;
			productName = TabbarApp;
			productReference = 9F3A5CC31C634A6A00198488 /* TabbarApp.app */;
			productType = "com.apple.product-type.application";
		};
/* End PBXNativeTarget section */

/* Begin PBXProject section */
		9F3A5CBB1C634A6A00198488 /* Project object */ = {
			isa = PBXProject;
			attributes = {
				LastSwiftUpdateCheck = 0720;
				LastUpgradeCheck = 1010;
				ORGANIZATIONNAME = Allen;
				TargetAttributes = {
					9F3A5CC21C634A6A00198488 = {
						CreatedOnToolsVersion = 7.2;
						DevelopmentTeam = F3YT8BWBYJ;
						LastSwiftMigration = 1010;
					};
				};
			};
			buildConfigurationList = 9F3A5CBE1C634A6A00198488 /* Build configuration list for PBXProject "TabbarApp" */;
			compatibilityVersion = "Xcode 3.2";
			developmentRegion = English;
			hasScannedForEncodings = 0;
			knownRegions = (
				en,
				Base,
			);
			mainGroup = 9F3A5CBA1C634A6A00198488;
			productRefGroup = 9F3A5CC41C634A6A00198488 /* Products */;
			projectDirPath = "";
			projectRoot = "";
			targets = (
				9F3A5CC21C634A6A00198488 /* TabbarApp */,
			);
		};
/* End PBXProject section */

/* Begin PBXResourcesBuildPhase section */
		9F3A5CC11C634A6A00198488 /* Resources */ = {
			isa = PBXResourcesBuildPhase;
			buildActionMask = 2147483647;
			files = (
				9F3A5CD11C634A6A00198488 /* LaunchScreen.storyboard in Resources */,
				9F3A5CCE1C634A6A00198488 /* Assets.xcassets in Resources */,
				9F3A5CCC1C634A6A00198488 /* Main.storyboard in Resources */,
			);
			runOnlyForDeploymentPostprocessing = 0;
		};
/* End PBXResourcesBuildPhase section */

/* Begin PBXSourcesBuildPhase section */
		9F3A5CBF1C634A6A00198488 /* Sources */ = {
			isa = PBXSourcesBuildPhase;
			buildActionMask = 2147483647;
			files = (
				9F3A5CF51C635A4C00198488 /* FirstTabViewController.swift in Sources */,
				9F3A5CF91C63B22700198488 /* ThirdViewController.swift in Sources */,
				9F3A5CF71C635A5B00198488 /* SecondTabViewController.swift in Sources */,
				9F3A5CFB1C63CA3200198488 /* ArticleTableViewCell.swift in Sources */,
				9F3A5CC71C634A6A00198488 /* AppDelegate.swift in Sources */,
			);
			runOnlyForDeploymentPostprocessing = 0;
		};
/* End PBXSourcesBuildPhase section */

/* Begin PBXVariantGroup section */
		9F3A5CCA1C634A6A00198488 /* Main.storyboard */ = {
			isa = PBXVariantGroup;
			children = (
				9F3A5CCB1C634A6A00198488 /* Base */,
			);
			name = Main.storyboard;
			sourceTree = "<group>";
		};
		9F3A5CCF1C634A6A00198488 /* LaunchScreen.storyboard */ = {
			isa = PBXVariantGroup;
			children = (
				9F3A5CD01C634A6A00198488 /* Base */,
			);
			name = LaunchScreen.storyboard;
			sourceTree = "<group>";
		};
/* End PBXVariantGroup section */

/* Begin XCBuildConfiguration section */
		9F3A5CE91C634A6A00198488 /* Debug */ = {
			isa = XCBuildConfiguration;
			buildSettings = {
				ALWAYS_SEARCH_USER_PATHS = NO;
				CLANG_CXX_LANGUAGE_STANDARD = "gnu++0x";
				CLANG_CXX_LIBRARY = "libc++";
				CLANG_ENABLE_MODULES = YES;
				CLANG_ENABLE_OBJC_ARC = YES;
				CLANG_WARN_BLOCK_CAPTURE_AUTORELEASING = YES;
				CLANG_WARN_BOOL_CONVERSION = YES;
				CLANG_WARN_COMMA = YES;
				CLANG_WARN_CONSTANT_CONVERSION = YES;
				CLANG_WARN_DEPRECATED_OBJC_IMPLEMENTATIONS = YES;
				CLANG_WARN_DIRECT_OBJC_ISA_USAGE = YES_ERROR;
				CLANG_WARN_EMPTY_BODY = YES;
				CLANG_WARN_ENUM_CONVERSION = YES;
				CLANG_WARN_INFINITE_RECURSION = YES;
				CLANG_WARN_INT_CONVERSION = YES;
				CLANG_WARN_NON_LITERAL_NULL_CONVERSION = YES;
				CLANG_WARN_OBJC_IMPLICIT_RETAIN_SELF = YES;
				CLANG_WARN_OBJC_LITERAL_CONVERSION = YES;
				CLANG_WARN_OBJC_ROOT_CLASS = YES_ERROR;
				CLANG_WARN_RANGE_LOOP_ANALYSIS = YES;
				CLANG_WARN_STRICT_PROTOTYPES = YES;
				CLANG_WARN_SUSPICIOUS_MOVE = YES;
				CLANG_WARN_UNREACHABLE_CODE = YES;
				CLANG_WARN__DUPLICATE_METHOD_MATCH = YES;
				"CODE_SIGN_IDENTITY[sdk=iphoneos*]" = "iPhone Developer";
				COPY_PHASE_STRIP = NO;
				DEBUG_INFORMATION_FORMAT = dwarf;
				ENABLE_STRICT_OBJC_MSGSEND = YES;
				ENABLE_TESTABILITY = YES;
				GCC_C_LANGUAGE_STANDARD = gnu99;
				GCC_DYNAMIC_NO_PIC = NO;
				GCC_NO_COMMON_BLOCKS = YES;
				GCC_OPTIMIZATION_LEVEL = 0;
				GCC_PREPROCESSOR_DEFINITIONS = (
					"DEBUG=1",
					"$(inherited)",
				);
				GCC_WARN_64_TO_32_BIT_CONVERSION = YES;
				GCC_WARN_ABOUT_RETURN_TYPE = YES_ERROR;
				GCC_WARN_UNDECLARED_SELECTOR = YES;
				GCC_WARN_UNINITIALIZED_AUTOS = YES_AGGRESSIVE;
				GCC_WARN_UNUSED_FUNCTION = YES;
				GCC_WARN_UNUSED_VARIABLE = YES;
				IPHONEOS_DEPLOYMENT_TARGET = 9.2;
				MTL_ENABLE_DEBUG_INFO = YES;
				ONLY_ACTIVE_ARCH = YES;
				SDKROOT = iphoneos;
				SWIFT_OPTIMIZATION_LEVEL = "-Onone";
			};
			name = Debug;
		};
		9F3A5CEA1C634A6A00198488 /* Release */ = {
			isa = XCBuildConfiguration;
			buildSettings = {
				ALWAYS_SEARCH_USER_PATHS = NO;
				CLANG_CXX_LANGUAGE_STANDARD = "gnu++0x";
				CLANG_CXX_LIBRARY = "libc++";
				CLANG_ENABLE_MODULES = YES;
				CLANG_ENABLE_OBJC_ARC = YES;
				CLANG_WARN_BLOCK_CAPTURE_AUTORELEASING = YES;
				CLANG_WARN_BOOL_CONVERSION = YES;
				CLANG_WARN_COMMA = YES;
				CLANG_WARN_CONSTANT_CONVERSION = YES;
				CLANG_WARN_DEPRECATED_OBJC_IMPLEMENTATIONS = YES;
				CLANG_WARN_DIRECT_OBJC_ISA_USAGE = YES_ERROR;
				CLANG_WARN_EMPTY_BODY = YES;
				CLANG_WARN_ENUM_CONVERSION = YES;
				CLANG_WARN_INFINITE_RECURSION = YES;
				CLANG_WARN_INT_CONVERSION = YES;
				CLANG_WARN_NON_LITERAL_NULL_CONVERSION = YES;
				CLANG_WARN_OBJC_IMPLICIT_RETAIN_SELF = YES;
				CLANG_WARN_OBJC_LITERAL_CONVERSION = YES;
				CLANG_WARN_OBJC_ROOT_CLASS = YES_ERROR;
				CLANG_WARN_RANGE_LOOP_ANALYSIS = YES;
				CLANG_WARN_STRICT_PROTOTYPES = YES;
				CLANG_WARN_SUSPICIOUS_MOVE = YES;
				CLANG_WARN_UNREACHABLE_CODE = YES;
				CLANG_WARN__DUPLICATE_METHOD_MATCH = YES;
				"CODE_SIGN_IDENTITY[sdk=iphoneos*]" = "iPhone Developer";
				COPY_PHASE_STRIP = NO;
				DEBUG_INFORMATION_FORMAT = "dwarf-with-dsym";
				ENABLE_NS_ASSERTIONS = NO;
				ENABLE_STRICT_OBJC_MSGSEND = YES;
				GCC_C_LANGUAGE_STANDARD = gnu99;
				GCC_NO_COMMON_BLOCKS = YES;
				GCC_WARN_64_TO_32_BIT_CONVERSION = YES;
				GCC_WARN_ABOUT_RETURN_TYPE = YES_ERROR;
				GCC_WARN_UNDECLARED_SELECTOR = YES;
				GCC_WARN_UNINITIALIZED_AUTOS = YES_AGGRESSIVE;
				GCC_WARN_UNUSED_FUNCTION = YES;
				GCC_WARN_UNUSED_VARIABLE = YES;
				IPHONEOS_DEPLOYMENT_TARGET = 9.2;
				MTL_ENABLE_DEBUG_INFO = NO;
				SDKROOT = iphoneos;
				SWIFT_COMPILATION_MODE = wholemodule;
				VALIDATE_PRODUCT = YES;
			};
			name = Release;
		};
		9F3A5CEC1C634A6A00198488 /* Debug */ = {
			isa = XCBuildConfiguration;
			buildSettings = {
				ASSETCATALOG_COMPILER_APPICON_NAME = AppIcon;
				DEVELOPMENT_TEAM = F3YT8BWBYJ;
				INFOPLIST_FILE = TabbarApp/Info.plist;
				LD_RUNPATH_SEARCH_PATHS = "$(inherited) @executable_path/Frameworks";
				PRODUCT_BUNDLE_IDENTIFIER = me.appkitchen.TabbarApp;
				PRODUCT_NAME = "$(TARGET_NAME)";
				SWIFT_VERSION = 4.2;
			};
			name = Debug;
		};
		9F3A5CED1C634A6A00198488 /* Release */ = {
			isa = XCBuildConfiguration;
			buildSettings = {
				ASSETCATALOG_COMPILER_APPICON_NAME = AppIcon;
				DEVELOPMENT_TEAM = F3YT8BWBYJ;
				INFOPLIST_FILE = TabbarApp/Info.plist;
				LD_RUNPATH_SEARCH_PATHS = "$(inherited) @executable_path/Frameworks";
				PRODUCT_BUNDLE_IDENTIFIER = me.appkitchen.TabbarApp;
				PRODUCT_NAME = "$(TARGET_NAME)";
				SWIFT_VERSION = 4.2;
			};
			name = Release;
		};
/* End XCBuildConfiguration section */

/* Begin XCConfigurationList section */
		9F3A5CBE1C634A6A00198488 /* Build configuration list for PBXProject "TabbarApp" */ = {
			isa = XCConfigurationList;
			buildConfigurations = (
				9F3A5CE91C634A6A00198488 /* Debug */,
				9F3A5CEA1C634A6A00198488 /* Release */,
			);
			defaultConfigurationIsVisible = 0;
			defaultConfigurationName = Release;
		};
		9F3A5CEB1C634A6A00198488 /* Build configuration list for PBXNativeTarget "TabbarApp" */ = {
			isa = XCConfigurationList;
			buildConfigurations = (
				9F3A5CEC1C634A6A00198488 /* Debug */,
				9F3A5CED1C634A6A00198488 /* Release */,
			);
			defaultConfigurationIsVisible = 0;
			defaultConfigurationName = Release;
		};
/* End XCConfigurationList section */
	};
	rootObject = 9F3A5CBB1C634A6A00198488 /* Project object */;
}
