// !$*UTF8*$!
{
	archiveVersion = 1;
	classes = {
	};
	objectVersion = 46;
	objects = {

/* Begin PBXBuildFile section */
		AC94AD611B8E40BF002D9AD2 /* AppDelegate.swift in Sources */ = {isa = PBXBuildFile; fileRef = AC94AD601B8E40BF002D9AD2 /* AppDelegate.swift */; };
		AC94AD631B8E40BF002D9AD2 /* ViewController.swift in Sources */ = {isa = PBXBuildFile; fileRef = AC94AD621B8E40BF002D9AD2 /* ViewController.swift */; };
		AC94AD661B8E40BF002D9AD2 /* Main.storyboard in Resources */ = {isa = PBXBuildFile; fileRef = AC94AD641B8E40BF002D9AD2 /* Main.storyboard */; };
		AC94AD681B8E40BF002D9AD2 /* Images.xcassets in Resources */ = {isa = PBXBuildFile; fileRef = AC94AD671B8E40BF002D9AD2 /* Images.xcassets */; };
		AC94AD6B1B8E40BF002D9AD2 /* LaunchScreen.xib in Resources */ = {isa = PBXBuildFile; fileRef = AC94AD691B8E40BF002D9AD2 /* LaunchScreen.xib */; };
		AC94AD771B8E40BF002D9AD2 /* SnapchatCameraTests.swift in Sources */ = {isa = PBXBuildFile; fileRef = AC94AD761B8E40BF002D9AD2 /* SnapchatCameraTests.swift */; };
		AC94AD821B8E4174002D9AD2 /* View1.swift in Sources */ = {isa = PBXBuildFile; fileRef = AC94AD801B8E4174002D9AD2 /* View1.swift */; };
		AC94AD831B8E4174002D9AD2 /* View1.xib in Resources */ = {isa = PBXBuildFile; fileRef = AC94AD811B8E4174002D9AD2 /* View1.xib */; };
		AC94AD861B8E41A1002D9AD2 /* View2.swift in Sources */ = {isa = PBXBuildFile; fileRef = AC94AD841B8E41A1002D9AD2 /* View2.swift */; };
		AC94AD871B8E41A1002D9AD2 /* View2.xib in Resources */ = {isa = PBXBuildFile; fileRef = AC94AD851B8E41A1002D9AD2 /* View2.xib */; };
		AC94AD8C1B8E436D002D9AD2 /* View3.swift in Sources */ = {isa = PBXBuildFile; fileRef = AC94AD8A1B8E436D002D9AD2 /* View3.swift */; };
		AC94AD8D1B8E436D002D9AD2 /* View3.xib in Resources */ = {isa = PBXBuildFile; fileRef = AC94AD8B1B8E436D002D9AD2 /* View3.xib */; };
/* End PBXBuildFile section */

/* Begin PBXContainerItemProxy section */
		AC94AD711B8E40BF002D9AD2 /* PBXContainerItemProxy */ = {
			isa = PBXContainerItemProxy;
			containerPortal = AC94AD531B8E40BF002D9AD2 /* Project object */;
			proxyType = 1;
			remoteGlobalIDString = AC94AD5A1B8E40BF002D9AD2;
			remoteInfo = SnapchatCamera;
		};
/* End PBXContainerItemProxy section */

/* Begin PBXFileReference section */
		AC94AD5B1B8E40BF002D9AD2 /* SnapchatCamera.app */ = {isa = PBXFileReference; explicitFileType = wrapper.application; includeInIndex = 0; path = SnapchatCamera.app; sourceTree = BUILT_PRODUCTS_DIR; };
		AC94AD5F1B8E40BF002D9AD2 /* Info.plist */ = {isa = PBXFileReference; lastKnownFileType = text.plist.xml; path = Info.plist; sourceTree = "<group>"; };
		AC94AD601B8E40BF002D9AD2 /* AppDelegate.swift */ = {isa = PBXFileReference; lastKnownFileType = sourcecode.swift; path = AppDelegate.swift; sourceTree = "<group>"; };
		AC94AD621B8E40BF002D9AD2 /* ViewController.swift */ = {isa = PBXFileReference; lastKnownFileType = sourcecode.swift; path = ViewController.swift; sourceTree = "<group>"; };
		AC94AD651B8E40BF002D9AD2 /* Base */ = {isa = PBXFileReference; lastKnownFileType = file.storyboard; name = Base; path = Base.lproj/Main.storyboard; sourceTree = "<group>"; };
		AC94AD671B8E40BF002D9AD2 /* Images.xcassets */ = {isa = PBXFileReference; lastKnownFileType = folder.assetcatalog; path = Images.xcassets; sourceTree = "<group>"; };
		AC94AD6A1B8E40BF002D9AD2 /* Base */ = {isa = PBXFileReference; lastKnownFileType = file.xib; name = Base; path = Base.lproj/LaunchScreen.xib; sourceTree = "<group>"; };
		AC94AD701B8E40BF002D9AD2 /* SnapchatCameraTests.xctest */ = {isa = PBXFileReference; explicitFileType = wrapper.cfbundle; includeInIndex = 0; path = SnapchatCameraTests.xctest; sourceTree = BUILT_PRODUCTS_DIR; };
		AC94AD751B8E40BF002D9AD2 /* Info.plist */ = {isa = PBXFileReference; lastKnownFileType = text.plist.xml; path = Info.plist; sourceTree = "<group>"; };
		AC94AD761B8E40BF002D9AD2 /* SnapchatCameraTests.swift */ = {isa = PBXFileReference; lastKnownFileType = sourcecode.swift; path = SnapchatCameraTests.swift; sourceTree = "<group>"; };
		AC94AD801B8E4174002D9AD2 /* View1.swift */ = {isa = PBXFileReference; fileEncoding = 4; lastKnownFileType = sourcecode.swift; path = View1.swift; sourceTree = "<group>"; };
		AC94AD811B8E4174002D9AD2 /* View1.xib */ = {isa = PBXFileReference; fileEncoding = 4; lastKnownFileType = file.xib; path = View1.xib; sourceTree = "<group>"; };
		AC94AD841B8E41A1002D9AD2 /* View2.swift */ = {isa = PBXFileReference; fileEncoding = 4; lastKnownFileType = sourcecode.swift; path = View2.swift; sourceTree = "<group>"; };
		AC94AD851B8E41A1002D9AD2 /* View2.xib */ = {isa = PBXFileReference; fileEncoding = 4; lastKnownFileType = file.xib; path = View2.xib; sourceTree = "<group>"; };
		AC94AD8A1B8E436D002D9AD2 /* View3.swift */ = {isa = PBXFileReference; fileEncoding = 4; lastKnownFileType = sourcecode.swift; path = View3.swift; sourceTree = "<group>"; };
		AC94AD8B1B8E436D002D9AD2 /* View3.xib */ = {isa = PBXFileReference; fileEncoding = 4; lastKnownFileType = file.xib; path = View3.xib; sourceTree = "<group>"; };
/* End PBXFileReference section */

/* Begin PBXFrameworksBuildPhase section */
		AC94AD581B8E40BF002D9AD2 /* Frameworks */ = {
			isa = PBXFrameworksBuildPhase;
			buildActionMask = 2147483647;
			files = (
			);
			runOnlyForDeploymentPostprocessing = 0;
		};
		AC94AD6D1B8E40BF002D9AD2 /* Frameworks */ = {
			isa = PBXFrameworksBuildPhase;
			buildActionMask = 2147483647;
			files = (
			);
			runOnlyForDeploymentPostprocessing = 0;
		};
/* End PBXFrameworksBuildPhase section */

/* Begin PBXGroup section */
		AC94AD521B8E40BF002D9AD2 = {
			isa = PBXGroup;
			children = (
				AC94AD5D1B8E40BF002D9AD2 /* SnapchatCamera */,
				AC94AD731B8E40BF002D9AD2 /* SnapchatCameraTests */,
				AC94AD5C1B8E40BF002D9AD2 /* Products */,
			);
			sourceTree = "<group>";
		};
		AC94AD5C1B8E40BF002D9AD2 /* Products */ = {
			isa = PBXGroup;
			children = (
				AC94AD5B1B8E40BF002D9AD2 /* SnapchatCamera.app */,
				AC94AD701B8E40BF002D9AD2 /* SnapchatCameraTests.xctest */,
			);
			name = Products;
			sourceTree = "<group>";
		};
		AC94AD5D1B8E40BF002D9AD2 /* SnapchatCamera */ = {
			isa = PBXGroup;
			children = (
				AC94AD601B8E40BF002D9AD2 /* AppDelegate.swift */,
				AC94AD621B8E40BF002D9AD2 /* ViewController.swift */,
				AC94AD641B8E40BF002D9AD2 /* Main.storyboard */,
				AC94AD801B8E4174002D9AD2 /* View1.swift */,
				AC94AD811B8E4174002D9AD2 /* View1.xib */,
				AC94AD841B8E41A1002D9AD2 /* View2.swift */,
				AC94AD851B8E41A1002D9AD2 /* View2.xib */,
				AC94AD8A1B8E436D002D9AD2 /* View3.swift */,
				AC94AD8B1B8E436D002D9AD2 /* View3.xib */,
				AC94AD671B8E40BF002D9AD2 /* Images.xcassets */,
				AC94AD691B8E40BF002D9AD2 /* LaunchScreen.xib */,
				AC94AD5E1B8E40BF002D9AD2 /* Supporting Files */,
			);
			path = SnapchatCamera;
			sourceTree = "<group>";
		};
		AC94AD5E1B8E40BF002D9AD2 /* Supporting Files */ = {
			isa = PBXGroup;
			children = (
				AC94AD5F1B8E40BF002D9AD2 /* Info.plist */,
			);
			name = "Supporting Files";
			sourceTree = "<group>";
		};
		AC94AD731B8E40BF002D9AD2 /* SnapchatCameraTests */ = {
			isa = PBXGroup;
			children = (
				AC94AD761B8E40BF002D9AD2 /* SnapchatCameraTests.swift */,
				AC94AD741B8E40BF002D9AD2 /* Supporting Files */,
			);
			path = SnapchatCameraTests;
			sourceTree = "<group>";
		};
		AC94AD741B8E40BF002D9AD2 /* Supporting Files */ = {
			isa = PBXGroup;
			children = (
				AC94AD751B8E40BF002D9AD2 /* Info.plist */,
			);
			name = "Supporting Files";
			sourceTree = "<group>";
		};
/* End PBXGroup section */

/* Begin PBXNativeTarget section */
		AC94AD5A1B8E40BF002D9AD2 /* SnapchatCamera */ = {
			isa = PBXNativeTarget;
			buildConfigurationList = AC94AD7A1B8E40BF002D9AD2 /* Build configuration list for PBXNativeTarget "SnapchatCamera" */;
			buildPhases = (
				AC94AD571B8E40BF002D9AD2 /* Sources */,
				AC94AD581B8E40BF002D9AD2 /* Frameworks */,
				AC94AD591B8E40BF002D9AD2 /* Resources */,
			);
			buildRules = (
			);
			dependencies = (
			);
			name = SnapchatCamera;
			productName = SnapchatCamera;
			productReference = AC94AD5B1B8E40BF002D9AD2 /* SnapchatCamera.app */;
			productType = "com.apple.product-type.application";
		};
		AC94AD6F1B8E40BF002D9AD2 /* SnapchatCameraTests */ = {
			isa = PBXNativeTarget;
			buildConfigurationList = AC94AD7D1B8E40BF002D9AD2 /* Build configuration list for PBXNativeTarget "SnapchatCameraTests" */;
			buildPhases = (
				AC94AD6C1B8E40BF002D9AD2 /* Sources */,
				AC94AD6D1B8E40BF002D9AD2 /* Frameworks */,
				AC94AD6E1B8E40BF002D9AD2 /* Resources */,
			);
			buildRules = (
			);
			dependencies = (
				AC94AD721B8E40BF002D9AD2 /* PBXTargetDependency */,
			);
			name = SnapchatCameraTests;
			productName = SnapchatCameraTests;
			productReference = AC94AD701B8E40BF002D9AD2 /* SnapchatCameraTests.xctest */;
			productType = "com.apple.product-type.bundle.unit-test";
		};
/* End PBXNativeTarget section */

/* Begin PBXProject section */
		AC94AD531B8E40BF002D9AD2 /* Project object */ = {
			isa = PBXProject;
			attributes = {
				LastSwiftMigration = 0720;
				LastSwiftUpdateCheck = 0720;
				LastUpgradeCheck = 0640;
				ORGANIZATIONNAME = Archetapp;
				TargetAttributes = {
					AC94AD5A1B8E40BF002D9AD2 = {
						CreatedOnToolsVersion = 6.4;
					};
					AC94AD6F1B8E40BF002D9AD2 = {
						CreatedOnToolsVersion = 6.4;
						TestTargetID = AC94AD5A1B8E40BF002D9AD2;
					};
				};
			};
			buildConfigurationList = AC94AD561B8E40BF002D9AD2 /* Build configuration list for PBXProject "SnapchatCamera" */;
			compatibilityVersion = "Xcode 3.2";
			developmentRegion = English;
			hasScannedForEncodings = 0;
			knownRegions = (
				en,
				Base,
			);
			mainGroup = AC94AD521B8E40BF002D9AD2;
			productRefGroup = AC94AD5C1B8E40BF002D9AD2 /* Products */;
			projectDirPath = "";
			projectRoot = "";
			targets = (
				AC94AD5A1B8E40BF002D9AD2 /* SnapchatCamera */,
				AC94AD6F1B8E40BF002D9AD2 /* SnapchatCameraTests */,
			);
		};
/* End PBXProject section */

/* Begin PBXResourcesBuildPhase section */
		AC94AD591B8E40BF002D9AD2 /* Resources */ = {
			isa = PBXResourcesBuildPhase;
			buildActionMask = 2147483647;
			files = (
				AC94AD661B8E40BF002D9AD2 /* Main.storyboard in Resources */,
				AC94AD6B1B8E40BF002D9AD2 /* LaunchScreen.xib in Resources */,
				AC94AD8D1B8E436D002D9AD2 /* View3.xib in Resources */,
				AC94AD831B8E4174002D9AD2 /* View1.xib in Resources */,
				AC94AD871B8E41A1002D9AD2 /* View2.xib in Resources */,
				AC94AD681B8E40BF002D9AD2 /* Images.xcassets in Resources */,
			);
			runOnlyForDeploymentPostprocessing = 0;
		};
		AC94AD6E1B8E40BF002D9AD2 /* Resources */ = {
			isa = PBXResourcesBuildPhase;
			buildActionMask = 2147483647;
			files = (
			);
			runOnlyForDeploymentPostprocessing = 0;
		};
/* End PBXResourcesBuildPhase section */

/* Begin PBXSourcesBuildPhase section */
		AC94AD571B8E40BF002D9AD2 /* Sources */ = {
			isa = PBXSourcesBuildPhase;
			buildActionMask = 2147483647;
			files = (
				AC94AD631B8E40BF002D9AD2 /* ViewController.swift in Sources */,
				AC94AD8C1B8E436D002D9AD2 /* View3.swift in Sources */,
				AC94AD821B8E4174002D9AD2 /* View1.swift in Sources */,
				AC94AD611B8E40BF002D9AD2 /* AppDelegate.swift in Sources */,
				AC94AD861B8E41A1002D9AD2 /* View2.swift in Sources */,
			);
			runOnlyForDeploymentPostprocessing = 0;
		};
		AC94AD6C1B8E40BF002D9AD2 /* Sources */ = {
			isa = PBXSourcesBuildPhase;
			buildActionMask = 2147483647;
			files = (
				AC94AD771B8E40BF002D9AD2 /* SnapchatCameraTests.swift in Sources */,
			);
			runOnlyForDeploymentPostprocessing = 0;
		};
/* End PBXSourcesBuildPhase section */

/* Begin PBXTargetDependency section */
		AC94AD721B8E40BF002D9AD2 /* PBXTargetDependency */ = {
			isa = PBXTargetDependency;
			target = AC94AD5A1B8E40BF002D9AD2 /* SnapchatCamera */;
			targetProxy = AC94AD711B8E40BF002D9AD2 /* PBXContainerItemProxy */;
		};
/* End PBXTargetDependency section */

/* Begin PBXVariantGroup section */
		AC94AD641B8E40BF002D9AD2 /* Main.storyboard */ = {
			isa = PBXVariantGroup;
			children = (
				AC94AD651B8E40BF002D9AD2 /* Base */,
			);
			name = Main.storyboard;
			sourceTree = "<group>";
		};
		AC94AD691B8E40BF002D9AD2 /* LaunchScreen.xib */ = {
			isa = PBXVariantGroup;
			children = (
				AC94AD6A1B8E40BF002D9AD2 /* Base */,
			);
			name = LaunchScreen.xib;
			sourceTree = "<group>";
		};
/* End PBXVariantGroup section */

/* Begin XCBuildConfiguration section */
		AC94AD781B8E40BF002D9AD2 /* Debug */ = {
			isa = XCBuildConfiguration;
			buildSettings = {
				ALWAYS_SEARCH_USER_PATHS = NO;
				CLANG_CXX_LANGUAGE_STANDARD = "gnu++0x";
				CLANG_CXX_LIBRARY = "libc++";
				CLANG_ENABLE_MODULES = YES;
				CLANG_ENABLE_OBJC_ARC = YES;
				CLANG_WARN_BOOL_CONVERSION = YES;
				CLANG_WARN_CONSTANT_CONVERSION = YES;
				CLANG_WARN_DIRECT_OBJC_ISA_USAGE = YES_ERROR;
				CLANG_WARN_EMPTY_BODY = YES;
				CLANG_WARN_ENUM_CONVERSION = YES;
				CLANG_WARN_INT_CONVERSION = YES;
				CLANG_WARN_OBJC_ROOT_CLASS = YES_ERROR;
				CLANG_WARN_UNREACHABLE_CODE = YES;
				CLANG_WARN__DUPLICATE_METHOD_MATCH = YES;
				"CODE_SIGN_IDENTITY[sdk=iphoneos*]" = "iPhone Developer";
				COPY_PHASE_STRIP = NO;
				DEBUG_INFORMATION_FORMAT = "dwarf-with-dsym";
				ENABLE_STRICT_OBJC_MSGSEND = YES;
				GCC_C_LANGUAGE_STANDARD = gnu99;
				GCC_DYNAMIC_NO_PIC = NO;
				GCC_NO_COMMON_BLOCKS = YES;
				GCC_OPTIMIZATION_LEVEL = 0;
				GCC_PREPROCESSOR_DEFINITIONS = (
					"DEBUG=1",
					"$(inherited)",
				);
				GCC_SYMBOLS_PRIVATE_EXTERN = NO;
				GCC_WARN_64_TO_32_BIT_CONVERSION = YES;
				GCC_WARN_ABOUT_RETURN_TYPE = YES_ERROR;
				GCC_WARN_UNDECLARED_SELECTOR = YES;
				GCC_WARN_UNINITIALIZED_AUTOS = YES_AGGRESSIVE;
				GCC_WARN_UNUSED_FUNCTION = YES;
				GCC_WARN_UNUSED_VARIABLE = YES;
				IPHONEOS_DEPLOYMENT_TARGET = 8.4;
				MTL_ENABLE_DEBUG_INFO = YES;
				ONLY_ACTIVE_ARCH = YES;
				SDKROOT = iphoneos;
				SWIFT_OPTIMIZATION_LEVEL = "-Onone";
				TARGETED_DEVICE_FAMILY = "1,2";
			};
			name = Debug;
		};
		AC94AD791B8E40BF002D9AD2 /* Release */ = {
			isa = XCBuildConfiguration;
			buildSettings = {
				ALWAYS_SEARCH_USER_PATHS = NO;
				CLANG_CXX_LANGUAGE_STANDARD = "gnu++0x";
				CLANG_CXX_LIBRARY = "libc++";
				CLANG_ENABLE_MODULES = YES;
				CLANG_ENABLE_OBJC_ARC = YES;
				CLANG_WARN_BOOL_CONVERSION = YES;
				CLANG_WARN_CONSTANT_CONVERSION = YES;
				CLANG_WARN_DIRECT_OBJC_ISA_USAGE = YES_ERROR;
				CLANG_WARN_EMPTY_BODY = YES;
				CLANG_WARN_ENUM_CONVERSION = YES;
				CLANG_WARN_INT_CONVERSION = YES;
				CLANG_WARN_OBJC_ROOT_CLASS = YES_ERROR;
				CLANG_WARN_UNREACHABLE_CODE = YES;
				CLANG_WARN__DUPLICATE_METHOD_MATCH = YES;
				"CODE_SIGN_IDENTITY[sdk=iphoneos*]" = "iPhone Developer";
				COPY_PHASE_STRIP = NO;
				DEBUG_INFORMATION_FORMAT = "dwarf-with-dsym";
				ENABLE_NS_ASSERTIONS = NO;
				ENABLE_STRICT_OBJC_MSGSEND = YES;
				GCC_C_LANGUAGE_STANDARD = gnu99;
				GCC_NO_COMMON_BLOCKS = YES;
				GCC_WARN_64_TO_32_BIT_CONVERSION = YES;
				GCC_WARN_ABOUT_RETURN_TYPE = YES_ERROR;
				GCC_WARN_UNDECLARED_SELECTOR = YES;
				GCC_WARN_UNINITIALIZED_AUTOS = YES_AGGRESSIVE;
				GCC_WARN_UNUSED_FUNCTION = YES;
				GCC_WARN_UNUSED_VARIABLE = YES;
				IPHONEOS_DEPLOYMENT_TARGET = 8.4;
				MTL_ENABLE_DEBUG_INFO = NO;
				SDKROOT = iphoneos;
				TARGETED_DEVICE_FAMILY = "1,2";
				VALIDATE_PRODUCT = YES;
			};
			name = Release;
		};
		AC94AD7B1B8E40BF002D9AD2 /* Debug */ = {
			isa = XCBuildConfiguration;
			buildSettings = {
				ASSETCATALOG_COMPILER_APPICON_NAME = AppIcon;
				INFOPLIST_FILE = SnapchatCamera/Info.plist;
				LD_RUNPATH_SEARCH_PATHS = "$(inherited) @executable_path/Frameworks";
				PRODUCT_NAME = "$(TARGET_NAME)";
			};
			name = Debug;
		};
		AC94AD7C1B8E40BF002D9AD2 /* Release */ = {
			isa = XCBuildConfiguration;
			buildSettings = {
				ASSETCATALOG_COMPILER_APPICON_NAME = AppIcon;
				INFOPLIST_FILE = SnapchatCamera/Info.plist;
				LD_RUNPATH_SEARCH_PATHS = "$(inherited) @executable_path/Frameworks";
				PRODUCT_NAME = "$(TARGET_NAME)";
			};
			name = Release;
		};
		AC94AD7E1B8E40BF002D9AD2 /* Debug */ = {
			isa = XCBuildConfiguration;
			buildSettings = {
				BUNDLE_LOADER = "$(TEST_HOST)";
				FRAMEWORK_SEARCH_PATHS = (
					"$(SDKROOT)/Developer/Library/Frameworks",
					"$(inherited)",
				);
				GCC_PREPROCESSOR_DEFINITIONS = (
					"DEBUG=1",
					"$(inherited)",
				);
				INFOPLIST_FILE = SnapchatCameraTests/Info.plist;
				LD_RUNPATH_SEARCH_PATHS = "$(inherited) @executable_path/Frameworks @loader_path/Frameworks";
				PRODUCT_NAME = "$(TARGET_NAME)";
				TEST_HOST = "$(BUILT_PRODUCTS_DIR)/SnapchatCamera.app/SnapchatCamera";
			};
			name = Debug;
		};
		AC94AD7F1B8E40BF002D9AD2 /* Release */ = {
			isa = XCBuildConfiguration;
			buildSettings = {
				BUNDLE_LOADER = "$(TEST_HOST)";
				FRAMEWORK_SEARCH_PATHS = (
					"$(SDKROOT)/Developer/Library/Frameworks",
					"$(inherited)",
				);
				INFOPLIST_FILE = SnapchatCameraTests/Info.plist;
				LD_RUNPATH_SEARCH_PATHS = "$(inherited) @executable_path/Frameworks @loader_path/Frameworks";
				PRODUCT_NAME = "$(TARGET_NAME)";
				TEST_HOST = "$(BUILT_PRODUCTS_DIR)/SnapchatCamera.app/SnapchatCamera";
			};
			name = Release;
		};
/* End XCBuildConfiguration section */

/* Begin XCConfigurationList section */
		AC94AD561B8E40BF002D9AD2 /* Build configuration list for PBXProject "SnapchatCamera" */ = {
			isa = XCConfigurationList;
			buildConfigurations = (
				AC94AD781B8E40BF002D9AD2 /* Debug */,
				AC94AD791B8E40BF002D9AD2 /* Release */,
			);
			defaultConfigurationIsVisible = 0;
			defaultConfigurationName = Release;
		};
		AC94AD7A1B8E40BF002D9AD2 /* Build configuration list for PBXNativeTarget "SnapchatCamera" */ = {
			isa = XCConfigurationList;
			buildConfigurations = (
				AC94AD7B1B8E40BF002D9AD2 /* Debug */,
				AC94AD7C1B8E40BF002D9AD2 /* Release */,
			);
			defaultConfigurationIsVisible = 0;
			defaultConfigurationName = Release;
		};
		AC94AD7D1B8E40BF002D9AD2 /* Build configuration list for PBXNativeTarget "SnapchatCameraTests" */ = {
			isa = XCConfigurationList;
			buildConfigurations = (
				AC94AD7E1B8E40BF002D9AD2 /* Debug */,
				AC94AD7F1B8E40BF002D9AD2 /* Release */,
			);
			defaultConfigurationIsVisible = 0;
			defaultConfigurationName = Release;
		};
/* End XCConfigurationList section */
	};
	rootObject = AC94AD531B8E40BF002D9AD2 /* Project object */;
}
